// !$*UTF8*$!
{
	archiveVersion = 1;
	classes = {
	};
	objectVersion = 55;
	objects = {

/* Begin PBXBuildFile section */
		4036D2D62794801800DBEC73 /* FeedCachePolicy.swift in Sources */ = {isa = PBXBuildFile; fileRef = 4036D2D52794801800DBEC73 /* FeedCachePolicy.swift */; };
		4074F1652790DBFE006C6E8F /* LoadFeedFromCacheUseCaseTests.swift in Sources */ = {isa = PBXBuildFile; fileRef = 4074F1642790DBFE006C6E8F /* LoadFeedFromCacheUseCaseTests.swift */; };
		4074F1682790DEBE006C6E8F /* FeedStoreSpy.swift in Sources */ = {isa = PBXBuildFile; fileRef = 4074F1672790DEBE006C6E8F /* FeedStoreSpy.swift */; };
		4084C56C277C7E9C0060B46D /* URLSessionHTTPClientTests.swift in Sources */ = {isa = PBXBuildFile; fileRef = 4084C56B277C7E9C0060B46D /* URLSessionHTTPClientTests.swift */; };
		4084C56F277C8EC70060B46D /* XCTestCase+MemoryLeakTracking.swift in Sources */ = {isa = PBXBuildFile; fileRef = 4084C56E277C8EC70060B46D /* XCTestCase+MemoryLeakTracking.swift */; };
		4084C571277C99A20060B46D /* URLSessionHTTPClient.swift in Sources */ = {isa = PBXBuildFile; fileRef = 4084C570277C99A20060B46D /* URLSessionHTTPClient.swift */; };
		408CC6E6279310A70067D265 /* ValidateFeedCacheUseCaseTests.swift in Sources */ = {isa = PBXBuildFile; fileRef = 408CC6E5279310A70067D265 /* ValidateFeedCacheUseCaseTests.swift */; };
		408CC6E8279314260067D265 /* FeedCacheTestHelpers.swift in Sources */ = {isa = PBXBuildFile; fileRef = 408CC6E7279314260067D265 /* FeedCacheTestHelpers.swift */; };
		408CC6EA279314E20067D265 /* ShareTestHelpers.swift in Sources */ = {isa = PBXBuildFile; fileRef = 408CC6E9279314E20067D265 /* ShareTestHelpers.swift */; };
		409B48AD278F53B30050B8A3 /* RemoteFeedItem.swift in Sources */ = {isa = PBXBuildFile; fileRef = 409B48AC278F53B30050B8A3 /* RemoteFeedItem.swift */; };
		409B48AF278F53DD0050B8A3 /* LocalFeedImage.swift in Sources */ = {isa = PBXBuildFile; fileRef = 409B48AE278F53DD0050B8A3 /* LocalFeedImage.swift */; };
		40AA05DB278DEFE500AB2A46 /* LocalFeedLoader.swift in Sources */ = {isa = PBXBuildFile; fileRef = 40AA05DA278DEFE500AB2A46 /* LocalFeedLoader.swift */; };
		40AA05DD278DF03F00AB2A46 /* FeedStore.swift in Sources */ = {isa = PBXBuildFile; fileRef = 40AA05DC278DF03F00AB2A46 /* FeedStore.swift */; };
		40BE677927726DAA0082F985 /* EssentialFeed.framework in Frameworks */ = {isa = PBXBuildFile; fileRef = 40BE677027726DAA0082F985 /* EssentialFeed.framework */; };
		40BE678927726DE00082F985 /* FeedImage.swift in Sources */ = {isa = PBXBuildFile; fileRef = 40BE678827726DE00082F985 /* FeedImage.swift */; };
		40BE678B27726E7B0082F985 /* FeedLoader.swift in Sources */ = {isa = PBXBuildFile; fileRef = 40BE678A27726E7B0082F985 /* FeedLoader.swift */; };
		40C0BF942785DD0D00D0DA10 /* EssentialFeedAPIEndToEndTests.swift in Sources */ = {isa = PBXBuildFile; fileRef = 40C0BF932785DD0D00D0DA10 /* EssentialFeedAPIEndToEndTests.swift */; };
		40C0BF952785DD0D00D0DA10 /* EssentialFeed.framework in Frameworks */ = {isa = PBXBuildFile; fileRef = 40BE677027726DAA0082F985 /* EssentialFeed.framework */; };
		40C0BF9B2785E17F00D0DA10 /* XCTestCase+MemoryLeakTracking.swift in Sources */ = {isa = PBXBuildFile; fileRef = 4084C56E277C8EC70060B46D /* XCTestCase+MemoryLeakTracking.swift */; };
		40DCB73F277B69C4002ACCED /* HTTPClient.swift in Sources */ = {isa = PBXBuildFile; fileRef = 40DCB73E277B69C4002ACCED /* HTTPClient.swift */; };
		40DCB741277B69F8002ACCED /* FeedItemsMapper.swift in Sources */ = {isa = PBXBuildFile; fileRef = 40DCB740277B69F8002ACCED /* FeedItemsMapper.swift */; };
		40EE37D12776041D0014E425 /* LoadFeedFromRemoteUseCaseTests.swift in Sources */ = {isa = PBXBuildFile; fileRef = 40EE37D02776041D0014E425 /* LoadFeedFromRemoteUseCaseTests.swift */; };
		40F37156278CAD8E0055E379 /* CacheFeedUseCaseTests.swift in Sources */ = {isa = PBXBuildFile; fileRef = 40F37155278CAD8E0055E379 /* CacheFeedUseCaseTests.swift */; };
		40F97DF4277A0715004D1085 /* RemoteFeedLoader.swift in Sources */ = {isa = PBXBuildFile; fileRef = 40F97DF3277A0715004D1085 /* RemoteFeedLoader.swift */; };
/* End PBXBuildFile section */

/* Begin PBXContainerItemProxy section */
		40BE677A27726DAA0082F985 /* PBXContainerItemProxy */ = {
			isa = PBXContainerItemProxy;
			containerPortal = 40BE676727726DAA0082F985 /* Project object */;
			proxyType = 1;
			remoteGlobalIDString = 40BE676F27726DAA0082F985;
			remoteInfo = EssentialFeed;
		};
		40C0BF962785DD0D00D0DA10 /* PBXContainerItemProxy */ = {
			isa = PBXContainerItemProxy;
			containerPortal = 40BE676727726DAA0082F985 /* Project object */;
			proxyType = 1;
			remoteGlobalIDString = 40BE676F27726DAA0082F985;
			remoteInfo = EssentialFeed;
		};
/* End PBXContainerItemProxy section */

/* Begin PBXFileReference section */
		4036D2D52794801800DBEC73 /* FeedCachePolicy.swift */ = {isa = PBXFileReference; lastKnownFileType = sourcecode.swift; path = FeedCachePolicy.swift; sourceTree = "<group>"; };
		4074F1642790DBFE006C6E8F /* LoadFeedFromCacheUseCaseTests.swift */ = {isa = PBXFileReference; lastKnownFileType = sourcecode.swift; path = LoadFeedFromCacheUseCaseTests.swift; sourceTree = "<group>"; };
		4074F1672790DEBE006C6E8F /* FeedStoreSpy.swift */ = {isa = PBXFileReference; lastKnownFileType = sourcecode.swift; path = FeedStoreSpy.swift; sourceTree = "<group>"; };
		4084C56B277C7E9C0060B46D /* URLSessionHTTPClientTests.swift */ = {isa = PBXFileReference; lastKnownFileType = sourcecode.swift; path = URLSessionHTTPClientTests.swift; sourceTree = "<group>"; };
		4084C56E277C8EC70060B46D /* XCTestCase+MemoryLeakTracking.swift */ = {isa = PBXFileReference; lastKnownFileType = sourcecode.swift; path = "XCTestCase+MemoryLeakTracking.swift"; sourceTree = "<group>"; };
		4084C570277C99A20060B46D /* URLSessionHTTPClient.swift */ = {isa = PBXFileReference; lastKnownFileType = sourcecode.swift; path = URLSessionHTTPClient.swift; sourceTree = "<group>"; };
		408CC6E5279310A70067D265 /* ValidateFeedCacheUseCaseTests.swift */ = {isa = PBXFileReference; lastKnownFileType = sourcecode.swift; path = ValidateFeedCacheUseCaseTests.swift; sourceTree = "<group>"; };
		408CC6E7279314260067D265 /* FeedCacheTestHelpers.swift */ = {isa = PBXFileReference; lastKnownFileType = sourcecode.swift; path = FeedCacheTestHelpers.swift; sourceTree = "<group>"; };
		408CC6E9279314E20067D265 /* ShareTestHelpers.swift */ = {isa = PBXFileReference; lastKnownFileType = sourcecode.swift; path = ShareTestHelpers.swift; sourceTree = "<group>"; };
		409B48AC278F53B30050B8A3 /* RemoteFeedItem.swift */ = {isa = PBXFileReference; lastKnownFileType = sourcecode.swift; path = RemoteFeedItem.swift; sourceTree = "<group>"; };
		409B48AE278F53DD0050B8A3 /* LocalFeedImage.swift */ = {isa = PBXFileReference; lastKnownFileType = sourcecode.swift; path = LocalFeedImage.swift; sourceTree = "<group>"; };
		40AA05DA278DEFE500AB2A46 /* LocalFeedLoader.swift */ = {isa = PBXFileReference; lastKnownFileType = sourcecode.swift; path = LocalFeedLoader.swift; sourceTree = "<group>"; };
		40AA05DC278DF03F00AB2A46 /* FeedStore.swift */ = {isa = PBXFileReference; lastKnownFileType = sourcecode.swift; path = FeedStore.swift; sourceTree = "<group>"; };
		40BE677027726DAA0082F985 /* EssentialFeed.framework */ = {isa = PBXFileReference; explicitFileType = wrapper.framework; includeInIndex = 0; path = EssentialFeed.framework; sourceTree = BUILT_PRODUCTS_DIR; };
		40BE677827726DAA0082F985 /* EssentialFeedTests.xctest */ = {isa = PBXFileReference; explicitFileType = wrapper.cfbundle; includeInIndex = 0; path = EssentialFeedTests.xctest; sourceTree = BUILT_PRODUCTS_DIR; };
		40BE678827726DE00082F985 /* FeedImage.swift */ = {isa = PBXFileReference; lastKnownFileType = sourcecode.swift; path = FeedImage.swift; sourceTree = "<group>"; };
		40BE678A27726E7B0082F985 /* FeedLoader.swift */ = {isa = PBXFileReference; lastKnownFileType = sourcecode.swift; path = FeedLoader.swift; sourceTree = "<group>"; };
		40C0BF912785DD0D00D0DA10 /* EssentialFeedAPIEndToEndTests.xctest */ = {isa = PBXFileReference; explicitFileType = wrapper.cfbundle; includeInIndex = 0; path = EssentialFeedAPIEndToEndTests.xctest; sourceTree = BUILT_PRODUCTS_DIR; };
		40C0BF932785DD0D00D0DA10 /* EssentialFeedAPIEndToEndTests.swift */ = {isa = PBXFileReference; lastKnownFileType = sourcecode.swift; path = EssentialFeedAPIEndToEndTests.swift; sourceTree = "<group>"; };
		40DCB73E277B69C4002ACCED /* HTTPClient.swift */ = {isa = PBXFileReference; lastKnownFileType = sourcecode.swift; path = HTTPClient.swift; sourceTree = "<group>"; };
		40DCB740277B69F8002ACCED /* FeedItemsMapper.swift */ = {isa = PBXFileReference; lastKnownFileType = sourcecode.swift; path = FeedItemsMapper.swift; sourceTree = "<group>"; };
		40EE37D02776041D0014E425 /* LoadFeedFromRemoteUseCaseTests.swift */ = {isa = PBXFileReference; lastKnownFileType = sourcecode.swift; path = LoadFeedFromRemoteUseCaseTests.swift; sourceTree = "<group>"; };
		40F37155278CAD8E0055E379 /* CacheFeedUseCaseTests.swift */ = {isa = PBXFileReference; lastKnownFileType = sourcecode.swift; path = CacheFeedUseCaseTests.swift; sourceTree = "<group>"; };
		40F97DF3277A0715004D1085 /* RemoteFeedLoader.swift */ = {isa = PBXFileReference; lastKnownFileType = sourcecode.swift; path = RemoteFeedLoader.swift; sourceTree = "<group>"; };
/* End PBXFileReference section */

/* Begin PBXFrameworksBuildPhase section */
		40BE676D27726DAA0082F985 /* Frameworks */ = {
			isa = PBXFrameworksBuildPhase;
			buildActionMask = 2147483647;
			files = (
			);
			runOnlyForDeploymentPostprocessing = 0;
		};
		40BE677527726DAA0082F985 /* Frameworks */ = {
			isa = PBXFrameworksBuildPhase;
			buildActionMask = 2147483647;
			files = (
				40BE677927726DAA0082F985 /* EssentialFeed.framework in Frameworks */,
			);
			runOnlyForDeploymentPostprocessing = 0;
		};
		40C0BF8E2785DD0D00D0DA10 /* Frameworks */ = {
			isa = PBXFrameworksBuildPhase;
			buildActionMask = 2147483647;
			files = (
				40C0BF952785DD0D00D0DA10 /* EssentialFeed.framework in Frameworks */,
			);
			runOnlyForDeploymentPostprocessing = 0;
		};
/* End PBXFrameworksBuildPhase section */

/* Begin PBXGroup section */
		4074F1662790DEB2006C6E8F /* Helpers */ = {
			isa = PBXGroup;
			children = (
				4074F1672790DEBE006C6E8F /* FeedStoreSpy.swift */,
				408CC6E7279314260067D265 /* FeedCacheTestHelpers.swift */,
			);
			path = Helpers;
			sourceTree = "<group>";
		};
		4084C56D277C8EA10060B46D /* Helpers */ = {
			isa = PBXGroup;
			children = (
				4084C56E277C8EC70060B46D /* XCTestCase+MemoryLeakTracking.swift */,
				408CC6E9279314E20067D265 /* ShareTestHelpers.swift */,
			);
			path = Helpers;
			sourceTree = "<group>";
		};
		40AA05D9278DEFD200AB2A46 /* FeedCache */ = {
			isa = PBXGroup;
			children = (
				40AA05DA278DEFE500AB2A46 /* LocalFeedLoader.swift */,
				40AA05DC278DF03F00AB2A46 /* FeedStore.swift */,
				409B48AE278F53DD0050B8A3 /* LocalFeedImage.swift */,
				4036D2D52794801800DBEC73 /* FeedCachePolicy.swift */,
			);
			path = FeedCache;
			sourceTree = "<group>";
		};
		40BE676627726DAA0082F985 = {
			isa = PBXGroup;
			children = (
				40BE677227726DAA0082F985 /* EssentialFeed */,
				40BE677C27726DAA0082F985 /* EssentialFeedTests */,
				40C0BF922785DD0D00D0DA10 /* EssentialFeedAPIEndToEndTests */,
				40BE677127726DAA0082F985 /* Products */,
			);
			sourceTree = "<group>";
		};
		40BE677127726DAA0082F985 /* Products */ = {
			isa = PBXGroup;
			children = (
				40BE677027726DAA0082F985 /* EssentialFeed.framework */,
				40BE677827726DAA0082F985 /* EssentialFeedTests.xctest */,
				40C0BF912785DD0D00D0DA10 /* EssentialFeedAPIEndToEndTests.xctest */,
			);
			name = Products;
			sourceTree = "<group>";
		};
		40BE677227726DAA0082F985 /* EssentialFeed */ = {
			isa = PBXGroup;
			children = (
				40AA05D9278DEFD200AB2A46 /* FeedCache */,
				40BE678C27726F440082F985 /* Feed Feature */,
				40F97DF2277A0709004D1085 /* Feed API */,
			);
			path = EssentialFeed;
			sourceTree = "<group>";
		};
		40BE677C27726DAA0082F985 /* EssentialFeedTests */ = {
			isa = PBXGroup;
			children = (
				4084C56D277C8EA10060B46D /* Helpers */,
				40F37154278CAD710055E379 /* Feed Cache */,
				40DCB742277B6FBC002ACCED /* Feed API */,
			);
			path = EssentialFeedTests;
			sourceTree = "<group>";
		};
		40BE678C27726F440082F985 /* Feed Feature */ = {
			isa = PBXGroup;
			children = (
				40BE678827726DE00082F985 /* FeedImage.swift */,
				40BE678A27726E7B0082F985 /* FeedLoader.swift */,
			);
			path = "Feed Feature";
			sourceTree = "<group>";
		};
		40C0BF922785DD0D00D0DA10 /* EssentialFeedAPIEndToEndTests */ = {
			isa = PBXGroup;
			children = (
				40C0BF932785DD0D00D0DA10 /* EssentialFeedAPIEndToEndTests.swift */,
			);
			path = EssentialFeedAPIEndToEndTests;
			sourceTree = "<group>";
		};
		40DCB742277B6FBC002ACCED /* Feed API */ = {
			isa = PBXGroup;
			children = (
				40EE37D02776041D0014E425 /* LoadFeedFromRemoteUseCaseTests.swift */,
				4084C56B277C7E9C0060B46D /* URLSessionHTTPClientTests.swift */,
			);
			path = "Feed API";
			sourceTree = "<group>";
		};
		40F37154278CAD710055E379 /* Feed Cache */ = {
			isa = PBXGroup;
			children = (
				4074F1662790DEB2006C6E8F /* Helpers */,
				40F37155278CAD8E0055E379 /* CacheFeedUseCaseTests.swift */,
				4074F1642790DBFE006C6E8F /* LoadFeedFromCacheUseCaseTests.swift */,
				408CC6E5279310A70067D265 /* ValidateFeedCacheUseCaseTests.swift */,
			);
			path = "Feed Cache";
			sourceTree = "<group>";
		};
		40F97DF2277A0709004D1085 /* Feed API */ = {
			isa = PBXGroup;
			children = (
				40F97DF3277A0715004D1085 /* RemoteFeedLoader.swift */,
				40DCB73E277B69C4002ACCED /* HTTPClient.swift */,
				40DCB740277B69F8002ACCED /* FeedItemsMapper.swift */,
				4084C570277C99A20060B46D /* URLSessionHTTPClient.swift */,
				409B48AC278F53B30050B8A3 /* RemoteFeedItem.swift */,
			);
			path = "Feed API";
			sourceTree = "<group>";
		};
/* End PBXGroup section */

/* Begin PBXHeadersBuildPhase section */
		40BE676B27726DAA0082F985 /* Headers */ = {
			isa = PBXHeadersBuildPhase;
			buildActionMask = 2147483647;
			files = (
			);
			runOnlyForDeploymentPostprocessing = 0;
		};
/* End PBXHeadersBuildPhase section */

/* Begin PBXNativeTarget section */
		40BE676F27726DAA0082F985 /* EssentialFeed */ = {
			isa = PBXNativeTarget;
			buildConfigurationList = 40BE678227726DAA0082F985 /* Build configuration list for PBXNativeTarget "EssentialFeed" */;
			buildPhases = (
				40BE676B27726DAA0082F985 /* Headers */,
				40BE676C27726DAA0082F985 /* Sources */,
				40BE676D27726DAA0082F985 /* Frameworks */,
				40BE676E27726DAA0082F985 /* Resources */,
			);
			buildRules = (
			);
			dependencies = (
			);
			name = EssentialFeed;
			productName = EssentialFeed;
			productReference = 40BE677027726DAA0082F985 /* EssentialFeed.framework */;
			productType = "com.apple.product-type.framework";
		};
		40BE677727726DAA0082F985 /* EssentialFeedTests */ = {
			isa = PBXNativeTarget;
			buildConfigurationList = 40BE678527726DAA0082F985 /* Build configuration list for PBXNativeTarget "EssentialFeedTests" */;
			buildPhases = (
				40BE677427726DAA0082F985 /* Sources */,
				40BE677527726DAA0082F985 /* Frameworks */,
				40BE677627726DAA0082F985 /* Resources */,
			);
			buildRules = (
			);
			dependencies = (
				40BE677B27726DAA0082F985 /* PBXTargetDependency */,
			);
			name = EssentialFeedTests;
			productName = EssentialFeedTests;
			productReference = 40BE677827726DAA0082F985 /* EssentialFeedTests.xctest */;
			productType = "com.apple.product-type.bundle.unit-test";
		};
		40C0BF902785DD0D00D0DA10 /* EssentialFeedAPIEndToEndTests */ = {
			isa = PBXNativeTarget;
			buildConfigurationList = 40C0BF9A2785DD0D00D0DA10 /* Build configuration list for PBXNativeTarget "EssentialFeedAPIEndToEndTests" */;
			buildPhases = (
				40C0BF8D2785DD0D00D0DA10 /* Sources */,
				40C0BF8E2785DD0D00D0DA10 /* Frameworks */,
				40C0BF8F2785DD0D00D0DA10 /* Resources */,
			);
			buildRules = (
			);
			dependencies = (
				40C0BF972785DD0D00D0DA10 /* PBXTargetDependency */,
			);
			name = EssentialFeedAPIEndToEndTests;
			productName = EssentialFeedAPIEndToEndTests;
			productReference = 40C0BF912785DD0D00D0DA10 /* EssentialFeedAPIEndToEndTests.xctest */;
			productType = "com.apple.product-type.bundle.unit-test";
		};
/* End PBXNativeTarget section */

/* Begin PBXProject section */
		40BE676727726DAA0082F985 /* Project object */ = {
			isa = PBXProject;
			attributes = {
				BuildIndependentTargetsInParallel = 1;
				LastSwiftUpdateCheck = 1320;
				LastUpgradeCheck = 1320;
				TargetAttributes = {
					40BE676F27726DAA0082F985 = {
						CreatedOnToolsVersion = 13.2.1;
						LastSwiftMigration = 1320;
					};
					40BE677727726DAA0082F985 = {
						CreatedOnToolsVersion = 13.2.1;
						LastSwiftMigration = 1320;
					};
					40C0BF902785DD0D00D0DA10 = {
						CreatedOnToolsVersion = 13.2.1;
					};
				};
			};
			buildConfigurationList = 40BE676A27726DAA0082F985 /* Build configuration list for PBXProject "EssentialFeed" */;
			compatibilityVersion = "Xcode 13.0";
			developmentRegion = en;
			hasScannedForEncodings = 0;
			knownRegions = (
				en,
				Base,
			);
			mainGroup = 40BE676627726DAA0082F985;
			productRefGroup = 40BE677127726DAA0082F985 /* Products */;
			projectDirPath = "";
			projectRoot = "";
			targets = (
				40BE676F27726DAA0082F985 /* EssentialFeed */,
				40BE677727726DAA0082F985 /* EssentialFeedTests */,
				40C0BF902785DD0D00D0DA10 /* EssentialFeedAPIEndToEndTests */,
			);
		};
/* End PBXProject section */

/* Begin PBXResourcesBuildPhase section */
		40BE676E27726DAA0082F985 /* Resources */ = {
			isa = PBXResourcesBuildPhase;
			buildActionMask = 2147483647;
			files = (
			);
			runOnlyForDeploymentPostprocessing = 0;
		};
		40BE677627726DAA0082F985 /* Resources */ = {
			isa = PBXResourcesBuildPhase;
			buildActionMask = 2147483647;
			files = (
			);
			runOnlyForDeploymentPostprocessing = 0;
		};
		40C0BF8F2785DD0D00D0DA10 /* Resources */ = {
			isa = PBXResourcesBuildPhase;
			buildActionMask = 2147483647;
			files = (
			);
			runOnlyForDeploymentPostprocessing = 0;
		};
/* End PBXResourcesBuildPhase section */

/* Begin PBXSourcesBuildPhase section */
		40BE676C27726DAA0082F985 /* Sources */ = {
			isa = PBXSourcesBuildPhase;
			buildActionMask = 2147483647;
			files = (
				40DCB741277B69F8002ACCED /* FeedItemsMapper.swift in Sources */,
				40BE678B27726E7B0082F985 /* FeedLoader.swift in Sources */,
				409B48AD278F53B30050B8A3 /* RemoteFeedItem.swift in Sources */,
				4036D2D62794801800DBEC73 /* FeedCachePolicy.swift in Sources */,
				40F97DF4277A0715004D1085 /* RemoteFeedLoader.swift in Sources */,
				409B48AF278F53DD0050B8A3 /* LocalFeedImage.swift in Sources */,
				40AA05DD278DF03F00AB2A46 /* FeedStore.swift in Sources */,
				40AA05DB278DEFE500AB2A46 /* LocalFeedLoader.swift in Sources */,
				40DCB73F277B69C4002ACCED /* HTTPClient.swift in Sources */,
				40BE678927726DE00082F985 /* FeedImage.swift in Sources */,
				4084C571277C99A20060B46D /* URLSessionHTTPClient.swift in Sources */,
			);
			runOnlyForDeploymentPostprocessing = 0;
		};
		40BE677427726DAA0082F985 /* Sources */ = {
			isa = PBXSourcesBuildPhase;
			buildActionMask = 2147483647;
			files = (
				408CC6E8279314260067D265 /* FeedCacheTestHelpers.swift in Sources */,
				408CC6E6279310A70067D265 /* ValidateFeedCacheUseCaseTests.swift in Sources */,
				40EE37D12776041D0014E425 /* LoadFeedFromRemoteUseCaseTests.swift in Sources */,
				4084C56C277C7E9C0060B46D /* URLSessionHTTPClientTests.swift in Sources */,
				408CC6EA279314E20067D265 /* ShareTestHelpers.swift in Sources */,
				4074F1682790DEBE006C6E8F /* FeedStoreSpy.swift in Sources */,
				40F37156278CAD8E0055E379 /* CacheFeedUseCaseTests.swift in Sources */,
				4074F1652790DBFE006C6E8F /* LoadFeedFromCacheUseCaseTests.swift in Sources */,
				4084C56F277C8EC70060B46D /* XCTestCase+MemoryLeakTracking.swift in Sources */,
			);
			runOnlyForDeploymentPostprocessing = 0;
		};
		40C0BF8D2785DD0D00D0DA10 /* Sources */ = {
			isa = PBXSourcesBuildPhase;
			buildActionMask = 2147483647;
			files = (
				40C0BF942785DD0D00D0DA10 /* EssentialFeedAPIEndToEndTests.swift in Sources */,
				40C0BF9B2785E17F00D0DA10 /* XCTestCase+MemoryLeakTracking.swift in Sources */,
			);
			runOnlyForDeploymentPostprocessing = 0;
		};
/* End PBXSourcesBuildPhase section */

/* Begin PBXTargetDependency section */
		40BE677B27726DAA0082F985 /* PBXTargetDependency */ = {
			isa = PBXTargetDependency;
			target = 40BE676F27726DAA0082F985 /* EssentialFeed */;
			targetProxy = 40BE677A27726DAA0082F985 /* PBXContainerItemProxy */;
		};
		40C0BF972785DD0D00D0DA10 /* PBXTargetDependency */ = {
			isa = PBXTargetDependency;
			target = 40BE676F27726DAA0082F985 /* EssentialFeed */;
			targetProxy = 40C0BF962785DD0D00D0DA10 /* PBXContainerItemProxy */;
		};
/* End PBXTargetDependency section */

/* Begin XCBuildConfiguration section */
		40BE678027726DAA0082F985 /* Debug */ = {
			isa = XCBuildConfiguration;
			buildSettings = {
				ALWAYS_SEARCH_USER_PATHS = NO;
				CLANG_ANALYZER_NONNULL = YES;
				CLANG_ANALYZER_NUMBER_OBJECT_CONVERSION = YES_AGGRESSIVE;
				CLANG_CXX_LANGUAGE_STANDARD = "gnu++17";
				CLANG_CXX_LIBRARY = "libc++";
				CLANG_ENABLE_MODULES = YES;
				CLANG_ENABLE_OBJC_ARC = YES;
				CLANG_ENABLE_OBJC_WEAK = YES;
				CLANG_WARN_BLOCK_CAPTURE_AUTORELEASING = YES;
				CLANG_WARN_BOOL_CONVERSION = YES;
				CLANG_WARN_COMMA = YES;
				CLANG_WARN_CONSTANT_CONVERSION = YES;
				CLANG_WARN_DEPRECATED_OBJC_IMPLEMENTATIONS = YES;
				CLANG_WARN_DIRECT_OBJC_ISA_USAGE = YES_ERROR;
				CLANG_WARN_DOCUMENTATION_COMMENTS = YES;
				CLANG_WARN_EMPTY_BODY = YES;
				CLANG_WARN_ENUM_CONVERSION = YES;
				CLANG_WARN_INFINITE_RECURSION = YES;
				CLANG_WARN_INT_CONVERSION = YES;
				CLANG_WARN_NON_LITERAL_NULL_CONVERSION = YES;
				CLANG_WARN_OBJC_IMPLICIT_RETAIN_SELF = YES;
				CLANG_WARN_OBJC_LITERAL_CONVERSION = YES;
				CLANG_WARN_OBJC_ROOT_CLASS = YES_ERROR;
				CLANG_WARN_QUOTED_INCLUDE_IN_FRAMEWORK_HEADER = YES;
				CLANG_WARN_RANGE_LOOP_ANALYSIS = YES;
				CLANG_WARN_STRICT_PROTOTYPES = YES;
				CLANG_WARN_SUSPICIOUS_MOVE = YES;
				CLANG_WARN_UNGUARDED_AVAILABILITY = YES_AGGRESSIVE;
				CLANG_WARN_UNREACHABLE_CODE = YES;
				CLANG_WARN__DUPLICATE_METHOD_MATCH = YES;
				COPY_PHASE_STRIP = NO;
				CURRENT_PROJECT_VERSION = 1;
				DEBUG_INFORMATION_FORMAT = dwarf;
				ENABLE_STRICT_OBJC_MSGSEND = YES;
				ENABLE_TESTABILITY = YES;
				GCC_C_LANGUAGE_STANDARD = gnu11;
				GCC_DYNAMIC_NO_PIC = NO;
				GCC_NO_COMMON_BLOCKS = YES;
				GCC_OPTIMIZATION_LEVEL = 0;
				GCC_PREPROCESSOR_DEFINITIONS = (
					"DEBUG=1",
					"$(inherited)",
				);
				GCC_WARN_64_TO_32_BIT_CONVERSION = YES;
				GCC_WARN_ABOUT_RETURN_TYPE = YES_ERROR;
				GCC_WARN_UNDECLARED_SELECTOR = YES;
				GCC_WARN_UNINITIALIZED_AUTOS = YES_AGGRESSIVE;
				GCC_WARN_UNUSED_FUNCTION = YES;
				GCC_WARN_UNUSED_VARIABLE = YES;
				MACOSX_DEPLOYMENT_TARGET = 11.6;
				MTL_ENABLE_DEBUG_INFO = INCLUDE_SOURCE;
				MTL_FAST_MATH = YES;
				ONLY_ACTIVE_ARCH = YES;
				SDKROOT = macosx;
				SWIFT_ACTIVE_COMPILATION_CONDITIONS = DEBUG;
				SWIFT_OPTIMIZATION_LEVEL = "-Onone";
				VERSIONING_SYSTEM = "apple-generic";
				VERSION_INFO_PREFIX = "";
			};
			name = Debug;
		};
		40BE678127726DAA0082F985 /* Release */ = {
			isa = XCBuildConfiguration;
			buildSettings = {
				ALWAYS_SEARCH_USER_PATHS = NO;
				CLANG_ANALYZER_NONNULL = YES;
				CLANG_ANALYZER_NUMBER_OBJECT_CONVERSION = YES_AGGRESSIVE;
				CLANG_CXX_LANGUAGE_STANDARD = "gnu++17";
				CLANG_CXX_LIBRARY = "libc++";
				CLANG_ENABLE_MODULES = YES;
				CLANG_ENABLE_OBJC_ARC = YES;
				CLANG_ENABLE_OBJC_WEAK = YES;
				CLANG_WARN_BLOCK_CAPTURE_AUTORELEASING = YES;
				CLANG_WARN_BOOL_CONVERSION = YES;
				CLANG_WARN_COMMA = YES;
				CLANG_WARN_CONSTANT_CONVERSION = YES;
				CLANG_WARN_DEPRECATED_OBJC_IMPLEMENTATIONS = YES;
				CLANG_WARN_DIRECT_OBJC_ISA_USAGE = YES_ERROR;
				CLANG_WARN_DOCUMENTATION_COMMENTS = YES;
				CLANG_WARN_EMPTY_BODY = YES;
				CLANG_WARN_ENUM_CONVERSION = YES;
				CLANG_WARN_INFINITE_RECURSION = YES;
				CLANG_WARN_INT_CONVERSION = YES;
				CLANG_WARN_NON_LITERAL_NULL_CONVERSION = YES;
				CLANG_WARN_OBJC_IMPLICIT_RETAIN_SELF = YES;
				CLANG_WARN_OBJC_LITERAL_CONVERSION = YES;
				CLANG_WARN_OBJC_ROOT_CLASS = YES_ERROR;
				CLANG_WARN_QUOTED_INCLUDE_IN_FRAMEWORK_HEADER = YES;
				CLANG_WARN_RANGE_LOOP_ANALYSIS = YES;
				CLANG_WARN_STRICT_PROTOTYPES = YES;
				CLANG_WARN_SUSPICIOUS_MOVE = YES;
				CLANG_WARN_UNGUARDED_AVAILABILITY = YES_AGGRESSIVE;
				CLANG_WARN_UNREACHABLE_CODE = YES;
				CLANG_WARN__DUPLICATE_METHOD_MATCH = YES;
				COPY_PHASE_STRIP = NO;
				CURRENT_PROJECT_VERSION = 1;
				DEBUG_INFORMATION_FORMAT = "dwarf-with-dsym";
				ENABLE_NS_ASSERTIONS = NO;
				ENABLE_STRICT_OBJC_MSGSEND = YES;
				GCC_C_LANGUAGE_STANDARD = gnu11;
				GCC_NO_COMMON_BLOCKS = YES;
				GCC_WARN_64_TO_32_BIT_CONVERSION = YES;
				GCC_WARN_ABOUT_RETURN_TYPE = YES_ERROR;
				GCC_WARN_UNDECLARED_SELECTOR = YES;
				GCC_WARN_UNINITIALIZED_AUTOS = YES_AGGRESSIVE;
				GCC_WARN_UNUSED_FUNCTION = YES;
				GCC_WARN_UNUSED_VARIABLE = YES;
				MACOSX_DEPLOYMENT_TARGET = 11.6;
				MTL_ENABLE_DEBUG_INFO = NO;
				MTL_FAST_MATH = YES;
				SDKROOT = macosx;
				SWIFT_COMPILATION_MODE = wholemodule;
				SWIFT_OPTIMIZATION_LEVEL = "-O";
				VERSIONING_SYSTEM = "apple-generic";
				VERSION_INFO_PREFIX = "";
			};
			name = Release;
		};
		40BE678327726DAA0082F985 /* Debug */ = {
			isa = XCBuildConfiguration;
			buildSettings = {
				CLANG_ENABLE_MODULES = YES;
				CODE_SIGN_STYLE = Automatic;
				COMBINE_HIDPI_IMAGES = YES;
				CURRENT_PROJECT_VERSION = 1;
				DEFINES_MODULE = YES;
				DEVELOPMENT_TEAM = LS55K535D9;
				DYLIB_COMPATIBILITY_VERSION = 1;
				DYLIB_CURRENT_VERSION = 1;
				DYLIB_INSTALL_NAME_BASE = "@rpath";
				GENERATE_INFOPLIST_FILE = YES;
				INFOPLIST_KEY_NSHumanReadableCopyright = "";
				INSTALL_PATH = "$(LOCAL_LIBRARY_DIR)/Frameworks";
				LD_RUNPATH_SEARCH_PATHS = (
					"$(inherited)",
					"@executable_path/../Frameworks",
					"@loader_path/Frameworks",
				);
				MARKETING_VERSION = 1.0;
				PRODUCT_BUNDLE_IDENTIFIER = com.brenovaladao.EssentialFeed;
				PRODUCT_NAME = "$(TARGET_NAME:c99extidentifier)";
				SKIP_INSTALL = YES;
				SWIFT_EMIT_LOC_STRINGS = YES;
				SWIFT_OPTIMIZATION_LEVEL = "-Onone";
				SWIFT_VERSION = 5.0;
			};
			name = Debug;
		};
		40BE678427726DAA0082F985 /* Release */ = {
			isa = XCBuildConfiguration;
			buildSettings = {
				CLANG_ENABLE_MODULES = YES;
				CODE_SIGN_STYLE = Automatic;
				COMBINE_HIDPI_IMAGES = YES;
				CURRENT_PROJECT_VERSION = 1;
				DEFINES_MODULE = YES;
				DEVELOPMENT_TEAM = LS55K535D9;
				DYLIB_COMPATIBILITY_VERSION = 1;
				DYLIB_CURRENT_VERSION = 1;
				DYLIB_INSTALL_NAME_BASE = "@rpath";
				GENERATE_INFOPLIST_FILE = YES;
				INFOPLIST_KEY_NSHumanReadableCopyright = "";
				INSTALL_PATH = "$(LOCAL_LIBRARY_DIR)/Frameworks";
				LD_RUNPATH_SEARCH_PATHS = (
					"$(inherited)",
					"@executable_path/../Frameworks",
					"@loader_path/Frameworks",
				);
				MARKETING_VERSION = 1.0;
				PRODUCT_BUNDLE_IDENTIFIER = com.brenovaladao.EssentialFeed;
				PRODUCT_NAME = "$(TARGET_NAME:c99extidentifier)";
				SKIP_INSTALL = YES;
				SWIFT_EMIT_LOC_STRINGS = YES;
				SWIFT_VERSION = 5.0;
			};
			name = Release;
		};
		40BE678627726DAA0082F985 /* Debug */ = {
			isa = XCBuildConfiguration;
			buildSettings = {
				ALWAYS_EMBED_SWIFT_STANDARD_LIBRARIES = YES;
				CLANG_ENABLE_MODULES = YES;
				CODE_SIGN_STYLE = Automatic;
				CURRENT_PROJECT_VERSION = 1;
				DEVELOPMENT_TEAM = LS55K535D9;
				GENERATE_INFOPLIST_FILE = YES;
				LD_RUNPATH_SEARCH_PATHS = (
					"$(inherited)",
					"@executable_path/../Frameworks",
					"@loader_path/../Frameworks",
				);
				MARKETING_VERSION = 1.0;
				PRODUCT_BUNDLE_IDENTIFIER = com.brenovaladao.EssentialFeedTests;
				PRODUCT_NAME = "$(TARGET_NAME)";
				SWIFT_EMIT_LOC_STRINGS = NO;
				SWIFT_OPTIMIZATION_LEVEL = "-Onone";
				SWIFT_VERSION = 5.0;
			};
			name = Debug;
		};
		40BE678727726DAA0082F985 /* Release */ = {
			isa = XCBuildConfiguration;
			buildSettings = {
				ALWAYS_EMBED_SWIFT_STANDARD_LIBRARIES = YES;
				CLANG_ENABLE_MODULES = YES;
				CODE_SIGN_STYLE = Automatic;
				CURRENT_PROJECT_VERSION = 1;
				DEVELOPMENT_TEAM = LS55K535D9;
				GENERATE_INFOPLIST_FILE = YES;
				LD_RUNPATH_SEARCH_PATHS = (
					"$(inherited)",
					"@executable_path/../Frameworks",
					"@loader_path/../Frameworks",
				);
				MARKETING_VERSION = 1.0;
				PRODUCT_BUNDLE_IDENTIFIER = com.brenovaladao.EssentialFeedTests;
				PRODUCT_NAME = "$(TARGET_NAME)";
				SWIFT_EMIT_LOC_STRINGS = NO;
				SWIFT_VERSION = 5.0;
			};
			name = Release;
		};
		40C0BF982785DD0D00D0DA10 /* Debug */ = {
			isa = XCBuildConfiguration;
			buildSettings = {
				CODE_SIGN_STYLE = Automatic;
				CURRENT_PROJECT_VERSION = 1;
				DEVELOPMENT_TEAM = LS55K535D9;
				GENERATE_INFOPLIST_FILE = YES;
				MARKETING_VERSION = 1.0;
				PRODUCT_BUNDLE_IDENTIFIER = com.brenovaladao.EssentialFeedAPIEndToEndTests;
				PRODUCT_NAME = "$(TARGET_NAME)";
				SWIFT_EMIT_LOC_STRINGS = NO;
				SWIFT_VERSION = 5.0;
			};
			name = Debug;
		};
		40C0BF992785DD0D00D0DA10 /* Release */ = {
			isa = XCBuildConfiguration;
			buildSettings = {
				CODE_SIGN_STYLE = Automatic;
				CURRENT_PROJECT_VERSION = 1;
				DEVELOPMENT_TEAM = LS55K535D9;
				GENERATE_INFOPLIST_FILE = YES;
				MARKETING_VERSION = 1.0;
				PRODUCT_BUNDLE_IDENTIFIER = com.brenovaladao.EssentialFeedAPIEndToEndTests;
				PRODUCT_NAME = "$(TARGET_NAME)";
				SWIFT_EMIT_LOC_STRINGS = NO;
				SWIFT_VERSION = 5.0;
			};
			name = Release;
		};
/* End XCBuildConfiguration section */

/* Begin XCConfigurationList section */
		40BE676A27726DAA0082F985 /* Build configuration list for PBXProject "EssentialFeed" */ = {
			isa = XCConfigurationList;
			buildConfigurations = (
				40BE678027726DAA0082F985 /* Debug */,
				40BE678127726DAA0082F985 /* Release */,
			);
			defaultConfigurationIsVisible = 0;
			defaultConfigurationName = Release;
		};
		40BE678227726DAA0082F985 /* Build configuration list for PBXNativeTarget "EssentialFeed" */ = {
			isa = XCConfigurationList;
			buildConfigurations = (
				40BE678327726DAA0082F985 /* Debug */,
				40BE678427726DAA0082F985 /* Release */,
			);
			defaultConfigurationIsVisible = 0;
			defaultConfigurationName = Release;
		};
		40BE678527726DAA0082F985 /* Build configuration list for PBXNativeTarget "EssentialFeedTests" */ = {
			isa = XCConfigurationList;
			buildConfigurations = (
				40BE678627726DAA0082F985 /* Debug */,
				40BE678727726DAA0082F985 /* Release */,
			);
			defaultConfigurationIsVisible = 0;
			defaultConfigurationName = Release;
		};
		40C0BF9A2785DD0D00D0DA10 /* Build configuration list for PBXNativeTarget "EssentialFeedAPIEndToEndTests" */ = {
			isa = XCConfigurationList;
			buildConfigurations = (
				40C0BF982785DD0D00D0DA10 /* Debug */,
				40C0BF992785DD0D00D0DA10 /* Release */,
			);
			defaultConfigurationIsVisible = 0;
			defaultConfigurationName = Release;
		};
/* End XCConfigurationList section */
	};
	rootObject = 40BE676727726DAA0082F985 /* Project object */;
}
