// !$*UTF8*$!
{
	archiveVersion = 1;
	classes = {
	};
	objectVersion = 55;
	objects = {

/* Begin PBXBuildFile section */
		400F69AB2797791700A50E8D /* FeedStoreSpecs.swift in Sources */ = {isa = PBXBuildFile; fileRef = 400F69AA2797791700A50E8D /* FeedStoreSpecs.swift */; };
		400F69AD2797797C00A50E8D /* XCTestCase+FeedStoreSpecs.swift in Sources */ = {isa = PBXBuildFile; fileRef = 400F69AC2797797C00A50E8D /* XCTestCase+FeedStoreSpecs.swift */; };
		400F69AF27977AFF00A50E8D /* XCTestCase+FailableDeleteFeedStoreSpecs.swift in Sources */ = {isa = PBXBuildFile; fileRef = 400F69AE27977AFF00A50E8D /* XCTestCase+FailableDeleteFeedStoreSpecs.swift */; };
		400F69B127977B5200A50E8D /* XCTestCase+FailableInsertFeedStoreSpecs.swift in Sources */ = {isa = PBXBuildFile; fileRef = 400F69B027977B5200A50E8D /* XCTestCase+FailableInsertFeedStoreSpecs.swift */; };
		400F69B327977B9F00A50E8D /* XCTestCase+FailableRetrieveFeedStoreSpecs.swift in Sources */ = {isa = PBXBuildFile; fileRef = 400F69B227977B9F00A50E8D /* XCTestCase+FailableRetrieveFeedStoreSpecs.swift */; };
		4036D2D62794801800DBEC73 /* FeedCachePolicy.swift in Sources */ = {isa = PBXBuildFile; fileRef = 4036D2D52794801800DBEC73 /* FeedCachePolicy.swift */; };
		4074F1652790DBFE006C6E8F /* LoadFeedFromCacheUseCaseTests.swift in Sources */ = {isa = PBXBuildFile; fileRef = 4074F1642790DBFE006C6E8F /* LoadFeedFromCacheUseCaseTests.swift */; };
		4074F1682790DEBE006C6E8F /* FeedStoreSpy.swift in Sources */ = {isa = PBXBuildFile; fileRef = 4074F1672790DEBE006C6E8F /* FeedStoreSpy.swift */; };
		4081BDE428C117C900C8EB95 /* FeedImageCell.swift in Sources */ = {isa = PBXBuildFile; fileRef = 4081BDE328C117C900C8EB95 /* FeedImageCell.swift */; };
		4081BDE628C1181F00C8EB95 /* UIView+Shimmering.swift in Sources */ = {isa = PBXBuildFile; fileRef = 4081BDE528C1181F00C8EB95 /* UIView+Shimmering.swift */; };
		4081BDF028C11A2200C8EB95 /* FeedImageCellController.swift in Sources */ = {isa = PBXBuildFile; fileRef = 4081BDEF28C11A2200C8EB95 /* FeedImageCellController.swift */; };
		4081BDF428C11A5200C8EB95 /* FeedViewController.swift in Sources */ = {isa = PBXBuildFile; fileRef = 4081BDF328C11A5200C8EB95 /* FeedViewController.swift */; };
		4081BDFA28C11AE300C8EB95 /* FeedImageCell+TestHelpers.swift in Sources */ = {isa = PBXBuildFile; fileRef = 4081BDF928C11AE300C8EB95 /* FeedImageCell+TestHelpers.swift */; };
		4081BE0228C11B9400C8EB95 /* UIButton+TestHelpers.swift in Sources */ = {isa = PBXBuildFile; fileRef = 4081BE0128C11B9400C8EB95 /* UIButton+TestHelpers.swift */; };
		4081BE0428C11BB000C8EB95 /* UIControl+TestHelpers.swift in Sources */ = {isa = PBXBuildFile; fileRef = 4081BE0328C11BB000C8EB95 /* UIControl+TestHelpers.swift */; };
		4081BE0728C11BD000C8EB95 /* UIImage+TestHelpers.swift in Sources */ = {isa = PBXBuildFile; fileRef = 4081BE0628C11BD000C8EB95 /* UIImage+TestHelpers.swift */; };
		4081BE0928C11BE200C8EB95 /* UIRefreshControl+TestHelpers.swift in Sources */ = {isa = PBXBuildFile; fileRef = 4081BE0828C11BE200C8EB95 /* UIRefreshControl+TestHelpers.swift */; };
		4081BE0B28C11D4800C8EB95 /* EssentialFeed.framework in Frameworks */ = {isa = PBXBuildFile; fileRef = 40BE677027726DAA0082F985 /* EssentialFeed.framework */; };
		4081BE1028C11E9B00C8EB95 /* XCTestCase+MemoryLeakTracking.swift in Sources */ = {isa = PBXBuildFile; fileRef = 4084C56E277C8EC70060B46D /* XCTestCase+MemoryLeakTracking.swift */; };
		4084C56C277C7E9C0060B46D /* URLSessionHTTPClientTests.swift in Sources */ = {isa = PBXBuildFile; fileRef = 4084C56B277C7E9C0060B46D /* URLSessionHTTPClientTests.swift */; };
		4084C56F277C8EC70060B46D /* XCTestCase+MemoryLeakTracking.swift in Sources */ = {isa = PBXBuildFile; fileRef = 4084C56E277C8EC70060B46D /* XCTestCase+MemoryLeakTracking.swift */; };
		4084C571277C99A20060B46D /* URLSessionHTTPClient.swift in Sources */ = {isa = PBXBuildFile; fileRef = 4084C570277C99A20060B46D /* URLSessionHTTPClient.swift */; };
		408CC6E6279310A70067D265 /* ValidateFeedCacheUseCaseTests.swift in Sources */ = {isa = PBXBuildFile; fileRef = 408CC6E5279310A70067D265 /* ValidateFeedCacheUseCaseTests.swift */; };
		408CC6E8279314260067D265 /* FeedCacheTestHelpers.swift in Sources */ = {isa = PBXBuildFile; fileRef = 408CC6E7279314260067D265 /* FeedCacheTestHelpers.swift */; };
		408CC6EA279314E20067D265 /* SharedTestHelpers.swift in Sources */ = {isa = PBXBuildFile; fileRef = 408CC6E9279314E20067D265 /* SharedTestHelpers.swift */; };
		4099A26D279C1300001F444B /* CoreDataFeedStoreTests.swift in Sources */ = {isa = PBXBuildFile; fileRef = 4099A26C279C1300001F444B /* CoreDataFeedStoreTests.swift */; };
		4099A26F279C135D001F444B /* CoreDataFeedStore.swift in Sources */ = {isa = PBXBuildFile; fileRef = 4099A26E279C135D001F444B /* CoreDataFeedStore.swift */; };
		4099A272279C1485001F444B /* FeedStore.xcdatamodeld in Sources */ = {isa = PBXBuildFile; fileRef = 4099A270279C1485001F444B /* FeedStore.xcdatamodeld */; };
		4099A277279C2082001F444B /* CoreDataHelpers.swift in Sources */ = {isa = PBXBuildFile; fileRef = 4099A276279C2082001F444B /* CoreDataHelpers.swift */; };
		4099A279279C20CE001F444B /* ManagedCache.swift in Sources */ = {isa = PBXBuildFile; fileRef = 4099A278279C20CE001F444B /* ManagedCache.swift */; };
		4099A27B279C20D6001F444B /* ManagedFeedImage.swift in Sources */ = {isa = PBXBuildFile; fileRef = 4099A27A279C20D6001F444B /* ManagedFeedImage.swift */; };
		4099A283279C228B001F444B /* EssentialFeedCacheIntegrationTests.swift in Sources */ = {isa = PBXBuildFile; fileRef = 4099A282279C228B001F444B /* EssentialFeedCacheIntegrationTests.swift */; };
		4099A284279C228B001F444B /* EssentialFeed.framework in Frameworks */ = {isa = PBXBuildFile; fileRef = 40BE677027726DAA0082F985 /* EssentialFeed.framework */; };
		4099A28A279C22F2001F444B /* XCTestCase+MemoryLeakTracking.swift in Sources */ = {isa = PBXBuildFile; fileRef = 4084C56E277C8EC70060B46D /* XCTestCase+MemoryLeakTracking.swift */; };
		4099A28B279C2415001F444B /* FeedCacheTestHelpers.swift in Sources */ = {isa = PBXBuildFile; fileRef = 408CC6E7279314260067D265 /* FeedCacheTestHelpers.swift */; };
		4099A28C279C2426001F444B /* SharedTestHelpers.swift in Sources */ = {isa = PBXBuildFile; fileRef = 408CC6E9279314E20067D265 /* SharedTestHelpers.swift */; };
		409B48AD278F53B30050B8A3 /* RemoteFeedItem.swift in Sources */ = {isa = PBXBuildFile; fileRef = 409B48AC278F53B30050B8A3 /* RemoteFeedItem.swift */; };
		409B48AF278F53DD0050B8A3 /* LocalFeedImage.swift in Sources */ = {isa = PBXBuildFile; fileRef = 409B48AE278F53DD0050B8A3 /* LocalFeedImage.swift */; };
		40AA05DB278DEFE500AB2A46 /* LocalFeedLoader.swift in Sources */ = {isa = PBXBuildFile; fileRef = 40AA05DA278DEFE500AB2A46 /* LocalFeedLoader.swift */; };
		40AA05DD278DF03F00AB2A46 /* FeedStore.swift in Sources */ = {isa = PBXBuildFile; fileRef = 40AA05DC278DF03F00AB2A46 /* FeedStore.swift */; };
		40B76F312796037900A4F11A /* CodableFeedStoreTests.swift in Sources */ = {isa = PBXBuildFile; fileRef = 40B76F302796037900A4F11A /* CodableFeedStoreTests.swift */; };
		40B76F3327961DE900A4F11A /* CodableFeedStore.swift in Sources */ = {isa = PBXBuildFile; fileRef = 40B76F3227961DE900A4F11A /* CodableFeedStore.swift */; };
		40BE677927726DAA0082F985 /* EssentialFeed.framework in Frameworks */ = {isa = PBXBuildFile; fileRef = 40BE677027726DAA0082F985 /* EssentialFeed.framework */; };
		40BE678927726DE00082F985 /* FeedImage.swift in Sources */ = {isa = PBXBuildFile; fileRef = 40BE678827726DE00082F985 /* FeedImage.swift */; };
		40BE678B27726E7B0082F985 /* FeedLoader.swift in Sources */ = {isa = PBXBuildFile; fileRef = 40BE678A27726E7B0082F985 /* FeedLoader.swift */; };
		40C0BF942785DD0D00D0DA10 /* EssentialFeedAPIEndToEndTests.swift in Sources */ = {isa = PBXBuildFile; fileRef = 40C0BF932785DD0D00D0DA10 /* EssentialFeedAPIEndToEndTests.swift */; };
		40C0BF952785DD0D00D0DA10 /* EssentialFeed.framework in Frameworks */ = {isa = PBXBuildFile; fileRef = 40BE677027726DAA0082F985 /* EssentialFeed.framework */; };
		40C0BF9B2785E17F00D0DA10 /* XCTestCase+MemoryLeakTracking.swift in Sources */ = {isa = PBXBuildFile; fileRef = 4084C56E277C8EC70060B46D /* XCTestCase+MemoryLeakTracking.swift */; };
		40C9DE6F28C4CFAF00B6371F /* FeedCache.swift in Sources */ = {isa = PBXBuildFile; fileRef = 40C9DE6E28C4CFAF00B6371F /* FeedCache.swift */; };
		40C9DE7128C4CFBA00B6371F /* FeedImageDataCache.swift in Sources */ = {isa = PBXBuildFile; fileRef = 40C9DE7028C4CFBA00B6371F /* FeedImageDataCache.swift */; };
		40DCB73F277B69C4002ACCED /* HTTPClient.swift in Sources */ = {isa = PBXBuildFile; fileRef = 40DCB73E277B69C4002ACCED /* HTTPClient.swift */; };
		40DCB741277B69F8002ACCED /* FeedItemsMapper.swift in Sources */ = {isa = PBXBuildFile; fileRef = 40DCB740277B69F8002ACCED /* FeedItemsMapper.swift */; };
		40EA928B28C3A45100F062D5 /* LocalFeedImageDataLoader.swift in Sources */ = {isa = PBXBuildFile; fileRef = 40EA928A28C3A45100F062D5 /* LocalFeedImageDataLoader.swift */; };
		40EA928D28C3A55E00F062D5 /* CacheFeedImageDataUseCaseTests.swift in Sources */ = {isa = PBXBuildFile; fileRef = 40EA928C28C3A55E00F062D5 /* CacheFeedImageDataUseCaseTests.swift */; };
		40EA928F28C3A57500F062D5 /* CoreDataFeedImageDataStoreTests.swift in Sources */ = {isa = PBXBuildFile; fileRef = 40EA928E28C3A57500F062D5 /* CoreDataFeedImageDataStoreTests.swift */; };
		40EA929128C3A59F00F062D5 /* FeedImageDataStoreSpy.swift in Sources */ = {isa = PBXBuildFile; fileRef = 40EA929028C3A59F00F062D5 /* FeedImageDataStoreSpy.swift */; };
		40EA929328C3A5AF00F062D5 /* LoadFeedImageDataFromCacheUseCaseTests.swift in Sources */ = {isa = PBXBuildFile; fileRef = 40EA929228C3A5AF00F062D5 /* LoadFeedImageDataFromCacheUseCaseTests.swift */; };
		40EE37D12776041D0014E425 /* LoadFeedFromRemoteUseCaseTests.swift in Sources */ = {isa = PBXBuildFile; fileRef = 40EE37D02776041D0014E425 /* LoadFeedFromRemoteUseCaseTests.swift */; };
		40F1449728C3753200244003 /* Feed.storyboard in Resources */ = {isa = PBXBuildFile; fileRef = 40F1449628C3753200244003 /* Feed.storyboard */; };
		40F1449928C3755D00244003 /* Feed.xcassets in Resources */ = {isa = PBXBuildFile; fileRef = 40F1449828C3755D00244003 /* Feed.xcassets */; };
		40F1449B28C375A300244003 /* UIImageView+Animations.swift in Sources */ = {isa = PBXBuildFile; fileRef = 40F1449A28C375A300244003 /* UIImageView+Animations.swift */; };
		40F1449D28C375B900244003 /* UITableView+Dewueueing.swift in Sources */ = {isa = PBXBuildFile; fileRef = 40F1449C28C375B900244003 /* UITableView+Dewueueing.swift */; };
		40F144A728C37ADA00244003 /* FeedLocalizationTests.swift in Sources */ = {isa = PBXBuildFile; fileRef = 40F144A628C37ADA00244003 /* FeedLocalizationTests.swift */; };
		40F144B828C380E200244003 /* ErrorView.swift in Sources */ = {isa = PBXBuildFile; fileRef = 40F144B728C380E200244003 /* ErrorView.swift */; };
		40F144BB28C3811600244003 /* UIRefreshControl+Helpers.swift in Sources */ = {isa = PBXBuildFile; fileRef = 40F144BA28C3811600244003 /* UIRefreshControl+Helpers.swift */; };
		40F144BE28C38E4F00244003 /* FeedImageViewModel.swift in Sources */ = {isa = PBXBuildFile; fileRef = 40F144BD28C38E4F00244003 /* FeedImageViewModel.swift */; };
		40F144C128C38F0400244003 /* FeedImagePresenterTests.swift in Sources */ = {isa = PBXBuildFile; fileRef = 40F144C028C38F0400244003 /* FeedImagePresenterTests.swift */; };
		40F144C328C38F2000244003 /* FeedPresenterTests.swift in Sources */ = {isa = PBXBuildFile; fileRef = 40F144C228C38F2000244003 /* FeedPresenterTests.swift */; };
		40F144C528C38F8A00244003 /* FeedPresenter.swift in Sources */ = {isa = PBXBuildFile; fileRef = 4081BE1D28C124C500C8EB95 /* FeedPresenter.swift */; };
		40F144C628C38F8A00244003 /* FeedErrorViewModel.swift in Sources */ = {isa = PBXBuildFile; fileRef = 40F144B528C3801500244003 /* FeedErrorViewModel.swift */; };
		40F144C728C38F8A00244003 /* FeedImagePresenter.swift in Sources */ = {isa = PBXBuildFile; fileRef = 4081BE1728C1247300C8EB95 /* FeedImagePresenter.swift */; };
		40F144C828C38F9100244003 /* Feed.strings in Resources */ = {isa = PBXBuildFile; fileRef = 40F144A228C37A4700244003 /* Feed.strings */; };
		40F144C928C38FE000244003 /* FeedViewModel.swift in Sources */ = {isa = PBXBuildFile; fileRef = 4081BE2128C1261100C8EB95 /* FeedViewModel.swift */; };
		40F144CA28C3902100244003 /* FeedLoadingViewModel.swift in Sources */ = {isa = PBXBuildFile; fileRef = 4081BE1B28C124A900C8EB95 /* FeedLoadingViewModel.swift */; };
		40F144CD28C39F0200244003 /* HTTPURLResponse+StatusCode.swift in Sources */ = {isa = PBXBuildFile; fileRef = 40F144CC28C39F0200244003 /* HTTPURLResponse+StatusCode.swift */; };
		40F144CF28C39F2200244003 /* RemoteFeedImageDataLoader.swift in Sources */ = {isa = PBXBuildFile; fileRef = 40F144CE28C39F2200244003 /* RemoteFeedImageDataLoader.swift */; };
		40F144D128C39FAB00244003 /* FeedImageDataLoader.swift in Sources */ = {isa = PBXBuildFile; fileRef = 4081BDE828C119DE00C8EB95 /* FeedImageDataLoader.swift */; };
		40F144D428C3A00200244003 /* HTTPClientSpy.swift in Sources */ = {isa = PBXBuildFile; fileRef = 40F144D328C3A00200244003 /* HTTPClientSpy.swift */; };
		40F144D628C3A01700244003 /* URLProtocolStub.swift in Sources */ = {isa = PBXBuildFile; fileRef = 40F144D528C3A01700244003 /* URLProtocolStub.swift */; };
		40F144D828C3A04300244003 /* LoadFeedImageDataFromRemoteUseCaseTests.swift in Sources */ = {isa = PBXBuildFile; fileRef = 40F144D728C3A04300244003 /* LoadFeedImageDataFromRemoteUseCaseTests.swift */; };
		40F144DA28C3A28100244003 /* FeedImageDataStore.swift in Sources */ = {isa = PBXBuildFile; fileRef = 40F144D928C3A28100244003 /* FeedImageDataStore.swift */; };
		40F144DC28C3A29E00244003 /* CoreDataFeedStore+FeedImageDataLoader.swift in Sources */ = {isa = PBXBuildFile; fileRef = 40F144DB28C3A29E00244003 /* CoreDataFeedStore+FeedImageDataLoader.swift */; };
		40F144DE28C3A2B700244003 /* CoreDataFeedStore+FeedStore.swift in Sources */ = {isa = PBXBuildFile; fileRef = 40F144DD28C3A2B700244003 /* CoreDataFeedStore+FeedStore.swift */; };
		40F37156278CAD8E0055E379 /* CacheFeedUseCaseTests.swift in Sources */ = {isa = PBXBuildFile; fileRef = 40F37155278CAD8E0055E379 /* CacheFeedUseCaseTests.swift */; };
		40F97DF4277A0715004D1085 /* RemoteFeedLoader.swift in Sources */ = {isa = PBXBuildFile; fileRef = 40F97DF3277A0715004D1085 /* RemoteFeedLoader.swift */; };
		40FB6B6627A6A42E00805EE1 /* EssentialFeediOS.framework in Frameworks */ = {isa = PBXBuildFile; fileRef = 40FB6B5E27A6A42E00805EE1 /* EssentialFeediOS.framework */; };
/* End PBXBuildFile section */

/* Begin PBXContainerItemProxy section */
		4081BE0D28C11D4800C8EB95 /* PBXContainerItemProxy */ = {
			isa = PBXContainerItemProxy;
			containerPortal = 40BE676727726DAA0082F985 /* Project object */;
			proxyType = 1;
			remoteGlobalIDString = 40BE676F27726DAA0082F985;
			remoteInfo = EssentialFeed;
		};
		4099A285279C228B001F444B /* PBXContainerItemProxy */ = {
			isa = PBXContainerItemProxy;
			containerPortal = 40BE676727726DAA0082F985 /* Project object */;
			proxyType = 1;
			remoteGlobalIDString = 40BE676F27726DAA0082F985;
			remoteInfo = EssentialFeed;
		};
		40BE677A27726DAA0082F985 /* PBXContainerItemProxy */ = {
			isa = PBXContainerItemProxy;
			containerPortal = 40BE676727726DAA0082F985 /* Project object */;
			proxyType = 1;
			remoteGlobalIDString = 40BE676F27726DAA0082F985;
			remoteInfo = EssentialFeed;
		};
		40C0BF962785DD0D00D0DA10 /* PBXContainerItemProxy */ = {
			isa = PBXContainerItemProxy;
			containerPortal = 40BE676727726DAA0082F985 /* Project object */;
			proxyType = 1;
			remoteGlobalIDString = 40BE676F27726DAA0082F985;
			remoteInfo = EssentialFeed;
		};
		40FB6B6727A6A42E00805EE1 /* PBXContainerItemProxy */ = {
			isa = PBXContainerItemProxy;
			containerPortal = 40BE676727726DAA0082F985 /* Project object */;
			proxyType = 1;
			remoteGlobalIDString = 40FB6B5D27A6A42E00805EE1;
			remoteInfo = EssentialFeediOS;
		};
/* End PBXContainerItemProxy section */

/* Begin PBXFileReference section */
		400F69AA2797791700A50E8D /* FeedStoreSpecs.swift */ = {isa = PBXFileReference; lastKnownFileType = sourcecode.swift; path = FeedStoreSpecs.swift; sourceTree = "<group>"; };
		400F69AC2797797C00A50E8D /* XCTestCase+FeedStoreSpecs.swift */ = {isa = PBXFileReference; lastKnownFileType = sourcecode.swift; path = "XCTestCase+FeedStoreSpecs.swift"; sourceTree = "<group>"; };
		400F69AE27977AFF00A50E8D /* XCTestCase+FailableDeleteFeedStoreSpecs.swift */ = {isa = PBXFileReference; lastKnownFileType = sourcecode.swift; path = "XCTestCase+FailableDeleteFeedStoreSpecs.swift"; sourceTree = "<group>"; };
		400F69B027977B5200A50E8D /* XCTestCase+FailableInsertFeedStoreSpecs.swift */ = {isa = PBXFileReference; lastKnownFileType = sourcecode.swift; path = "XCTestCase+FailableInsertFeedStoreSpecs.swift"; sourceTree = "<group>"; };
		400F69B227977B9F00A50E8D /* XCTestCase+FailableRetrieveFeedStoreSpecs.swift */ = {isa = PBXFileReference; lastKnownFileType = sourcecode.swift; path = "XCTestCase+FailableRetrieveFeedStoreSpecs.swift"; sourceTree = "<group>"; };
		4036D2D52794801800DBEC73 /* FeedCachePolicy.swift */ = {isa = PBXFileReference; lastKnownFileType = sourcecode.swift; path = FeedCachePolicy.swift; sourceTree = "<group>"; };
		4074F1642790DBFE006C6E8F /* LoadFeedFromCacheUseCaseTests.swift */ = {isa = PBXFileReference; lastKnownFileType = sourcecode.swift; path = LoadFeedFromCacheUseCaseTests.swift; sourceTree = "<group>"; };
		4074F1672790DEBE006C6E8F /* FeedStoreSpy.swift */ = {isa = PBXFileReference; lastKnownFileType = sourcecode.swift; path = FeedStoreSpy.swift; sourceTree = "<group>"; };
		4081BDE328C117C900C8EB95 /* FeedImageCell.swift */ = {isa = PBXFileReference; lastKnownFileType = sourcecode.swift; path = FeedImageCell.swift; sourceTree = "<group>"; };
		4081BDE528C1181F00C8EB95 /* UIView+Shimmering.swift */ = {isa = PBXFileReference; lastKnownFileType = sourcecode.swift; path = "UIView+Shimmering.swift"; sourceTree = "<group>"; };
		4081BDE828C119DE00C8EB95 /* FeedImageDataLoader.swift */ = {isa = PBXFileReference; lastKnownFileType = sourcecode.swift; path = FeedImageDataLoader.swift; sourceTree = "<group>"; };
		4081BDEF28C11A2200C8EB95 /* FeedImageCellController.swift */ = {isa = PBXFileReference; lastKnownFileType = sourcecode.swift; path = FeedImageCellController.swift; sourceTree = "<group>"; };
		4081BDF328C11A5200C8EB95 /* FeedViewController.swift */ = {isa = PBXFileReference; lastKnownFileType = sourcecode.swift; path = FeedViewController.swift; sourceTree = "<group>"; };
		4081BDF928C11AE300C8EB95 /* FeedImageCell+TestHelpers.swift */ = {isa = PBXFileReference; lastKnownFileType = sourcecode.swift; name = "FeedImageCell+TestHelpers.swift"; path = "../../../../EssentialApp/EssentialAppTests/Helpers/FeedImageCell+TestHelpers.swift"; sourceTree = "<group>"; };
		4081BE0128C11B9400C8EB95 /* UIButton+TestHelpers.swift */ = {isa = PBXFileReference; lastKnownFileType = sourcecode.swift; name = "UIButton+TestHelpers.swift"; path = "../../../../EssentialApp/EssentialAppTests/Helpers/UIButton+TestHelpers.swift"; sourceTree = "<group>"; };
		4081BE0328C11BB000C8EB95 /* UIControl+TestHelpers.swift */ = {isa = PBXFileReference; lastKnownFileType = sourcecode.swift; name = "UIControl+TestHelpers.swift"; path = "../../../../EssentialApp/EssentialAppTests/Helpers/UIControl+TestHelpers.swift"; sourceTree = "<group>"; };
		4081BE0628C11BD000C8EB95 /* UIImage+TestHelpers.swift */ = {isa = PBXFileReference; lastKnownFileType = sourcecode.swift; name = "UIImage+TestHelpers.swift"; path = "../../../../EssentialApp/EssentialAppTests/Helpers/UIImage+TestHelpers.swift"; sourceTree = "<group>"; };
		4081BE0828C11BE200C8EB95 /* UIRefreshControl+TestHelpers.swift */ = {isa = PBXFileReference; lastKnownFileType = sourcecode.swift; name = "UIRefreshControl+TestHelpers.swift"; path = "../../../../EssentialApp/EssentialAppTests/Helpers/UIRefreshControl+TestHelpers.swift"; sourceTree = "<group>"; };
		4081BE1728C1247300C8EB95 /* FeedImagePresenter.swift */ = {isa = PBXFileReference; lastKnownFileType = sourcecode.swift; path = FeedImagePresenter.swift; sourceTree = "<group>"; };
		4081BE1B28C124A900C8EB95 /* FeedLoadingViewModel.swift */ = {isa = PBXFileReference; lastKnownFileType = sourcecode.swift; path = FeedLoadingViewModel.swift; sourceTree = "<group>"; };
		4081BE1D28C124C500C8EB95 /* FeedPresenter.swift */ = {isa = PBXFileReference; lastKnownFileType = sourcecode.swift; path = FeedPresenter.swift; sourceTree = "<group>"; };
		4081BE2128C1261100C8EB95 /* FeedViewModel.swift */ = {isa = PBXFileReference; lastKnownFileType = sourcecode.swift; path = FeedViewModel.swift; sourceTree = "<group>"; };
		4084C56B277C7E9C0060B46D /* URLSessionHTTPClientTests.swift */ = {isa = PBXFileReference; lastKnownFileType = sourcecode.swift; path = URLSessionHTTPClientTests.swift; sourceTree = "<group>"; };
		4084C56E277C8EC70060B46D /* XCTestCase+MemoryLeakTracking.swift */ = {isa = PBXFileReference; lastKnownFileType = sourcecode.swift; path = "XCTestCase+MemoryLeakTracking.swift"; sourceTree = "<group>"; };
		4084C570277C99A20060B46D /* URLSessionHTTPClient.swift */ = {isa = PBXFileReference; lastKnownFileType = sourcecode.swift; path = URLSessionHTTPClient.swift; sourceTree = "<group>"; };
		408CC6E5279310A70067D265 /* ValidateFeedCacheUseCaseTests.swift */ = {isa = PBXFileReference; lastKnownFileType = sourcecode.swift; path = ValidateFeedCacheUseCaseTests.swift; sourceTree = "<group>"; };
		408CC6E7279314260067D265 /* FeedCacheTestHelpers.swift */ = {isa = PBXFileReference; lastKnownFileType = sourcecode.swift; path = FeedCacheTestHelpers.swift; sourceTree = "<group>"; };
		408CC6E9279314E20067D265 /* SharedTestHelpers.swift */ = {isa = PBXFileReference; lastKnownFileType = sourcecode.swift; path = SharedTestHelpers.swift; sourceTree = "<group>"; };
		4099A26C279C1300001F444B /* CoreDataFeedStoreTests.swift */ = {isa = PBXFileReference; lastKnownFileType = sourcecode.swift; path = CoreDataFeedStoreTests.swift; sourceTree = "<group>"; };
		4099A26E279C135D001F444B /* CoreDataFeedStore.swift */ = {isa = PBXFileReference; lastKnownFileType = sourcecode.swift; path = CoreDataFeedStore.swift; sourceTree = "<group>"; };
		4099A271279C1485001F444B /* FeedStore.xcdatamodel */ = {isa = PBXFileReference; lastKnownFileType = wrapper.xcdatamodel; path = FeedStore.xcdatamodel; sourceTree = "<group>"; };
		4099A276279C2082001F444B /* CoreDataHelpers.swift */ = {isa = PBXFileReference; lastKnownFileType = sourcecode.swift; path = CoreDataHelpers.swift; sourceTree = "<group>"; };
		4099A278279C20CE001F444B /* ManagedCache.swift */ = {isa = PBXFileReference; lastKnownFileType = sourcecode.swift; path = ManagedCache.swift; sourceTree = "<group>"; };
		4099A27A279C20D6001F444B /* ManagedFeedImage.swift */ = {isa = PBXFileReference; lastKnownFileType = sourcecode.swift; path = ManagedFeedImage.swift; sourceTree = "<group>"; };
		4099A280279C228B001F444B /* EssentialFeedCacheIntegrationTests.xctest */ = {isa = PBXFileReference; explicitFileType = wrapper.cfbundle; includeInIndex = 0; path = EssentialFeedCacheIntegrationTests.xctest; sourceTree = BUILT_PRODUCTS_DIR; };
		4099A282279C228B001F444B /* EssentialFeedCacheIntegrationTests.swift */ = {isa = PBXFileReference; lastKnownFileType = sourcecode.swift; path = EssentialFeedCacheIntegrationTests.swift; sourceTree = "<group>"; };
		409B48AC278F53B30050B8A3 /* RemoteFeedItem.swift */ = {isa = PBXFileReference; lastKnownFileType = sourcecode.swift; path = RemoteFeedItem.swift; sourceTree = "<group>"; };
		409B48AE278F53DD0050B8A3 /* LocalFeedImage.swift */ = {isa = PBXFileReference; lastKnownFileType = sourcecode.swift; path = LocalFeedImage.swift; sourceTree = "<group>"; };
		40AA05DA278DEFE500AB2A46 /* LocalFeedLoader.swift */ = {isa = PBXFileReference; lastKnownFileType = sourcecode.swift; path = LocalFeedLoader.swift; sourceTree = "<group>"; };
		40AA05DC278DF03F00AB2A46 /* FeedStore.swift */ = {isa = PBXFileReference; lastKnownFileType = sourcecode.swift; path = FeedStore.swift; sourceTree = "<group>"; };
		40B76F302796037900A4F11A /* CodableFeedStoreTests.swift */ = {isa = PBXFileReference; lastKnownFileType = sourcecode.swift; path = CodableFeedStoreTests.swift; sourceTree = "<group>"; };
		40B76F3227961DE900A4F11A /* CodableFeedStore.swift */ = {isa = PBXFileReference; lastKnownFileType = sourcecode.swift; path = CodableFeedStore.swift; sourceTree = "<group>"; };
		40BE677027726DAA0082F985 /* EssentialFeed.framework */ = {isa = PBXFileReference; explicitFileType = wrapper.framework; includeInIndex = 0; path = EssentialFeed.framework; sourceTree = BUILT_PRODUCTS_DIR; };
		40BE677827726DAA0082F985 /* EssentialFeedTests.xctest */ = {isa = PBXFileReference; explicitFileType = wrapper.cfbundle; includeInIndex = 0; path = EssentialFeedTests.xctest; sourceTree = BUILT_PRODUCTS_DIR; };
		40BE678827726DE00082F985 /* FeedImage.swift */ = {isa = PBXFileReference; lastKnownFileType = sourcecode.swift; path = FeedImage.swift; sourceTree = "<group>"; };
		40BE678A27726E7B0082F985 /* FeedLoader.swift */ = {isa = PBXFileReference; lastKnownFileType = sourcecode.swift; path = FeedLoader.swift; sourceTree = "<group>"; };
		40C0BF912785DD0D00D0DA10 /* EssentialFeedAPIEndToEndTests.xctest */ = {isa = PBXFileReference; explicitFileType = wrapper.cfbundle; includeInIndex = 0; path = EssentialFeedAPIEndToEndTests.xctest; sourceTree = BUILT_PRODUCTS_DIR; };
		40C0BF932785DD0D00D0DA10 /* EssentialFeedAPIEndToEndTests.swift */ = {isa = PBXFileReference; lastKnownFileType = sourcecode.swift; path = EssentialFeedAPIEndToEndTests.swift; sourceTree = "<group>"; };
		40C9DE6E28C4CFAF00B6371F /* FeedCache.swift */ = {isa = PBXFileReference; lastKnownFileType = sourcecode.swift; path = FeedCache.swift; sourceTree = "<group>"; };
		40C9DE7028C4CFBA00B6371F /* FeedImageDataCache.swift */ = {isa = PBXFileReference; lastKnownFileType = sourcecode.swift; path = FeedImageDataCache.swift; sourceTree = "<group>"; };
		40DCB73E277B69C4002ACCED /* HTTPClient.swift */ = {isa = PBXFileReference; lastKnownFileType = sourcecode.swift; path = HTTPClient.swift; sourceTree = "<group>"; };
		40DCB740277B69F8002ACCED /* FeedItemsMapper.swift */ = {isa = PBXFileReference; lastKnownFileType = sourcecode.swift; path = FeedItemsMapper.swift; sourceTree = "<group>"; };
		40EA928A28C3A45100F062D5 /* LocalFeedImageDataLoader.swift */ = {isa = PBXFileReference; lastKnownFileType = sourcecode.swift; path = LocalFeedImageDataLoader.swift; sourceTree = "<group>"; };
		40EA928C28C3A55E00F062D5 /* CacheFeedImageDataUseCaseTests.swift */ = {isa = PBXFileReference; lastKnownFileType = sourcecode.swift; path = CacheFeedImageDataUseCaseTests.swift; sourceTree = "<group>"; };
		40EA928E28C3A57500F062D5 /* CoreDataFeedImageDataStoreTests.swift */ = {isa = PBXFileReference; lastKnownFileType = sourcecode.swift; path = CoreDataFeedImageDataStoreTests.swift; sourceTree = "<group>"; };
		40EA929028C3A59F00F062D5 /* FeedImageDataStoreSpy.swift */ = {isa = PBXFileReference; lastKnownFileType = sourcecode.swift; path = FeedImageDataStoreSpy.swift; sourceTree = "<group>"; };
		40EA929228C3A5AF00F062D5 /* LoadFeedImageDataFromCacheUseCaseTests.swift */ = {isa = PBXFileReference; lastKnownFileType = sourcecode.swift; path = LoadFeedImageDataFromCacheUseCaseTests.swift; sourceTree = "<group>"; };
		40EE37D02776041D0014E425 /* LoadFeedFromRemoteUseCaseTests.swift */ = {isa = PBXFileReference; lastKnownFileType = sourcecode.swift; path = LoadFeedFromRemoteUseCaseTests.swift; sourceTree = "<group>"; };
		40F1449628C3753200244003 /* Feed.storyboard */ = {isa = PBXFileReference; lastKnownFileType = file.storyboard; path = Feed.storyboard; sourceTree = "<group>"; };
		40F1449828C3755D00244003 /* Feed.xcassets */ = {isa = PBXFileReference; lastKnownFileType = folder.assetcatalog; path = Feed.xcassets; sourceTree = "<group>"; };
		40F1449A28C375A300244003 /* UIImageView+Animations.swift */ = {isa = PBXFileReference; lastKnownFileType = sourcecode.swift; path = "UIImageView+Animations.swift"; sourceTree = "<group>"; };
		40F1449C28C375B900244003 /* UITableView+Dewueueing.swift */ = {isa = PBXFileReference; lastKnownFileType = sourcecode.swift; path = "UITableView+Dewueueing.swift"; sourceTree = "<group>"; };
		40F144A128C37A4700244003 /* en */ = {isa = PBXFileReference; lastKnownFileType = text.plist.strings; name = en; path = en.lproj/Feed.strings; sourceTree = "<group>"; };
		40F144A328C37A5900244003 /* pt-BR */ = {isa = PBXFileReference; lastKnownFileType = text.plist.strings; name = "pt-BR"; path = "pt-BR.lproj/Feed.strings"; sourceTree = "<group>"; };
		40F144A428C37A6600244003 /* el */ = {isa = PBXFileReference; lastKnownFileType = text.plist.strings; name = el; path = el.lproj/Feed.strings; sourceTree = "<group>"; };
		40F144A628C37ADA00244003 /* FeedLocalizationTests.swift */ = {isa = PBXFileReference; lastKnownFileType = sourcecode.swift; path = FeedLocalizationTests.swift; sourceTree = "<group>"; };
		40F144B528C3801500244003 /* FeedErrorViewModel.swift */ = {isa = PBXFileReference; lastKnownFileType = sourcecode.swift; path = FeedErrorViewModel.swift; sourceTree = "<group>"; };
		40F144B728C380E200244003 /* ErrorView.swift */ = {isa = PBXFileReference; lastKnownFileType = sourcecode.swift; path = ErrorView.swift; sourceTree = "<group>"; };
		40F144BA28C3811600244003 /* UIRefreshControl+Helpers.swift */ = {isa = PBXFileReference; lastKnownFileType = sourcecode.swift; path = "UIRefreshControl+Helpers.swift"; sourceTree = "<group>"; };
		40F144BD28C38E4F00244003 /* FeedImageViewModel.swift */ = {isa = PBXFileReference; lastKnownFileType = sourcecode.swift; path = FeedImageViewModel.swift; sourceTree = "<group>"; };
		40F144C028C38F0400244003 /* FeedImagePresenterTests.swift */ = {isa = PBXFileReference; lastKnownFileType = sourcecode.swift; path = FeedImagePresenterTests.swift; sourceTree = "<group>"; };
		40F144C228C38F2000244003 /* FeedPresenterTests.swift */ = {isa = PBXFileReference; lastKnownFileType = sourcecode.swift; path = FeedPresenterTests.swift; sourceTree = "<group>"; };
		40F144CC28C39F0200244003 /* HTTPURLResponse+StatusCode.swift */ = {isa = PBXFileReference; lastKnownFileType = sourcecode.swift; path = "HTTPURLResponse+StatusCode.swift"; sourceTree = "<group>"; };
		40F144CE28C39F2200244003 /* RemoteFeedImageDataLoader.swift */ = {isa = PBXFileReference; lastKnownFileType = sourcecode.swift; path = RemoteFeedImageDataLoader.swift; sourceTree = "<group>"; };
		40F144D328C3A00200244003 /* HTTPClientSpy.swift */ = {isa = PBXFileReference; lastKnownFileType = sourcecode.swift; path = HTTPClientSpy.swift; sourceTree = "<group>"; };
		40F144D528C3A01700244003 /* URLProtocolStub.swift */ = {isa = PBXFileReference; lastKnownFileType = sourcecode.swift; path = URLProtocolStub.swift; sourceTree = "<group>"; };
		40F144D728C3A04300244003 /* LoadFeedImageDataFromRemoteUseCaseTests.swift */ = {isa = PBXFileReference; lastKnownFileType = sourcecode.swift; path = LoadFeedImageDataFromRemoteUseCaseTests.swift; sourceTree = "<group>"; };
		40F144D928C3A28100244003 /* FeedImageDataStore.swift */ = {isa = PBXFileReference; lastKnownFileType = sourcecode.swift; path = FeedImageDataStore.swift; sourceTree = "<group>"; };
		40F144DB28C3A29E00244003 /* CoreDataFeedStore+FeedImageDataLoader.swift */ = {isa = PBXFileReference; lastKnownFileType = sourcecode.swift; path = "CoreDataFeedStore+FeedImageDataLoader.swift"; sourceTree = "<group>"; };
		40F144DD28C3A2B700244003 /* CoreDataFeedStore+FeedStore.swift */ = {isa = PBXFileReference; lastKnownFileType = sourcecode.swift; path = "CoreDataFeedStore+FeedStore.swift"; sourceTree = "<group>"; };
		40F144DF28C3A37400244003 /* FeedStore2.xcdatamodel */ = {isa = PBXFileReference; lastKnownFileType = wrapper.xcdatamodel; path = FeedStore2.xcdatamodel; sourceTree = "<group>"; };
		40F37155278CAD8E0055E379 /* CacheFeedUseCaseTests.swift */ = {isa = PBXFileReference; lastKnownFileType = sourcecode.swift; path = CacheFeedUseCaseTests.swift; sourceTree = "<group>"; };
		40F97DF3277A0715004D1085 /* RemoteFeedLoader.swift */ = {isa = PBXFileReference; lastKnownFileType = sourcecode.swift; path = RemoteFeedLoader.swift; sourceTree = "<group>"; };
		40FB6B5E27A6A42E00805EE1 /* EssentialFeediOS.framework */ = {isa = PBXFileReference; explicitFileType = wrapper.framework; includeInIndex = 0; path = EssentialFeediOS.framework; sourceTree = BUILT_PRODUCTS_DIR; };
		40FB6B6527A6A42E00805EE1 /* EssentialFeediOSTests.xctest */ = {isa = PBXFileReference; explicitFileType = wrapper.cfbundle; includeInIndex = 0; path = EssentialFeediOSTests.xctest; sourceTree = BUILT_PRODUCTS_DIR; };
/* End PBXFileReference section */

/* Begin PBXFrameworksBuildPhase section */
		4099A27D279C228B001F444B /* Frameworks */ = {
			isa = PBXFrameworksBuildPhase;
			buildActionMask = 2147483647;
			files = (
				4099A284279C228B001F444B /* EssentialFeed.framework in Frameworks */,
			);
			runOnlyForDeploymentPostprocessing = 0;
		};
		40BE676D27726DAA0082F985 /* Frameworks */ = {
			isa = PBXFrameworksBuildPhase;
			buildActionMask = 2147483647;
			files = (
			);
			runOnlyForDeploymentPostprocessing = 0;
		};
		40BE677527726DAA0082F985 /* Frameworks */ = {
			isa = PBXFrameworksBuildPhase;
			buildActionMask = 2147483647;
			files = (
				40BE677927726DAA0082F985 /* EssentialFeed.framework in Frameworks */,
			);
			runOnlyForDeploymentPostprocessing = 0;
		};
		40C0BF8E2785DD0D00D0DA10 /* Frameworks */ = {
			isa = PBXFrameworksBuildPhase;
			buildActionMask = 2147483647;
			files = (
				40C0BF952785DD0D00D0DA10 /* EssentialFeed.framework in Frameworks */,
			);
			runOnlyForDeploymentPostprocessing = 0;
		};
		40FB6B5B27A6A42E00805EE1 /* Frameworks */ = {
			isa = PBXFrameworksBuildPhase;
			buildActionMask = 2147483647;
			files = (
				4081BE0B28C11D4800C8EB95 /* EssentialFeed.framework in Frameworks */,
			);
			runOnlyForDeploymentPostprocessing = 0;
		};
		40FB6B6227A6A42E00805EE1 /* Frameworks */ = {
			isa = PBXFrameworksBuildPhase;
			buildActionMask = 2147483647;
			files = (
				40FB6B6627A6A42E00805EE1 /* EssentialFeediOS.framework in Frameworks */,
			);
			runOnlyForDeploymentPostprocessing = 0;
		};
/* End PBXFrameworksBuildPhase section */

/* Begin PBXGroup section */
		400F69B427977CD100A50E8D /* FeedStoreSpecs */ = {
			isa = PBXGroup;
			children = (
				400F69AA2797791700A50E8D /* FeedStoreSpecs.swift */,
				400F69AC2797797C00A50E8D /* XCTestCase+FeedStoreSpecs.swift */,
				400F69AE27977AFF00A50E8D /* XCTestCase+FailableDeleteFeedStoreSpecs.swift */,
				400F69B227977B9F00A50E8D /* XCTestCase+FailableRetrieveFeedStoreSpecs.swift */,
				400F69B027977B5200A50E8D /* XCTestCase+FailableInsertFeedStoreSpecs.swift */,
			);
			path = FeedStoreSpecs;
			sourceTree = "<group>";
		};
		4074F1662790DEB2006C6E8F /* Helpers */ = {
			isa = PBXGroup;
			children = (
				4074F1672790DEBE006C6E8F /* FeedStoreSpy.swift */,
				40EA929028C3A59F00F062D5 /* FeedImageDataStoreSpy.swift */,
				408CC6E7279314260067D265 /* FeedCacheTestHelpers.swift */,
			);
			path = Helpers;
			sourceTree = "<group>";
		};
		4081BDDC28C1170C00C8EB95 /* EssentialFeediOS */ = {
			isa = PBXGroup;
			children = (
				4081BDEA28C119F400C8EB95 /* Feed UI */,
			);
			path = EssentialFeediOS;
			sourceTree = "<group>";
		};
		4081BDDF28C1173300C8EB95 /* EssentialFeediOSTests */ = {
			isa = PBXGroup;
			children = (
				40F144A528C37ACF00244003 /* Feed Presentation */,
				4081BE0528C11BC900C8EB95 /* Helpers */,
				4081BDF628C11AA100C8EB95 /* Feed UI */,
			);
			path = EssentialFeediOSTests;
			sourceTree = "<group>";
		};
		4081BDEA28C119F400C8EB95 /* Feed UI */ = {
			isa = PBXGroup;
			children = (
				40F144B928C3811000244003 /* Helpers */,
				4081BDF528C11A8600C8EB95 /* Views */,
				4081BDEE28C11A1800C8EB95 /* Controllers */,
			);
			path = "Feed UI";
			sourceTree = "<group>";
		};
		4081BDEE28C11A1800C8EB95 /* Controllers */ = {
			isa = PBXGroup;
			children = (
				4081BDEF28C11A2200C8EB95 /* FeedImageCellController.swift */,
				4081BDF328C11A5200C8EB95 /* FeedViewController.swift */,
			);
			path = Controllers;
			sourceTree = "<group>";
		};
		4081BDF528C11A8600C8EB95 /* Views */ = {
			isa = PBXGroup;
			children = (
				40F144B728C380E200244003 /* ErrorView.swift */,
				40F1449628C3753200244003 /* Feed.storyboard */,
				40F1449828C3755D00244003 /* Feed.xcassets */,
				4081BDE328C117C900C8EB95 /* FeedImageCell.swift */,
			);
			path = Views;
			sourceTree = "<group>";
		};
		4081BDF628C11AA100C8EB95 /* Feed UI */ = {
			isa = PBXGroup;
			children = (
				40F144A828C37B6800244003 /* Helpers */,
			);
			path = "Feed UI";
			sourceTree = "<group>";
		};
		4081BE0528C11BC900C8EB95 /* Helpers */ = {
			isa = PBXGroup;
			children = (
			);
			path = Helpers;
			sourceTree = "<group>";
		};
		4081BE0A28C11D4800C8EB95 /* Frameworks */ = {
			isa = PBXGroup;
			children = (
			);
			name = Frameworks;
			sourceTree = "<group>";
		};
		4084C56D277C8EA10060B46D /* Helpers */ = {
			isa = PBXGroup;
			children = (
				4084C56E277C8EC70060B46D /* XCTestCase+MemoryLeakTracking.swift */,
				408CC6E9279314E20067D265 /* SharedTestHelpers.swift */,
			);
			path = Helpers;
			sourceTree = "<group>";
		};
		4099A273279C2020001F444B /* Infrastructure */ = {
			isa = PBXGroup;
			children = (
				4099A275279C205E001F444B /* Codable */,
				4099A274279C2057001F444B /* CoreData */,
			);
			path = Infrastructure;
			sourceTree = "<group>";
		};
		4099A274279C2057001F444B /* CoreData */ = {
			isa = PBXGroup;
			children = (
				4099A270279C1485001F444B /* FeedStore.xcdatamodeld */,
				4099A26E279C135D001F444B /* CoreDataFeedStore.swift */,
				40F144DB28C3A29E00244003 /* CoreDataFeedStore+FeedImageDataLoader.swift */,
				40F144DD28C3A2B700244003 /* CoreDataFeedStore+FeedStore.swift */,
				4099A276279C2082001F444B /* CoreDataHelpers.swift */,
				4099A278279C20CE001F444B /* ManagedCache.swift */,
				4099A27A279C20D6001F444B /* ManagedFeedImage.swift */,
			);
			path = CoreData;
			sourceTree = "<group>";
		};
		4099A275279C205E001F444B /* Codable */ = {
			isa = PBXGroup;
			children = (
				40B76F3227961DE900A4F11A /* CodableFeedStore.swift */,
			);
			path = Codable;
			sourceTree = "<group>";
		};
		4099A281279C228B001F444B /* EssentialFeedCacheIntegrationTests */ = {
			isa = PBXGroup;
			children = (
				4099A282279C228B001F444B /* EssentialFeedCacheIntegrationTests.swift */,
			);
			path = EssentialFeedCacheIntegrationTests;
			sourceTree = "<group>";
		};
		40AA05D9278DEFD200AB2A46 /* FeedCache */ = {
			isa = PBXGroup;
			children = (
				4099A273279C2020001F444B /* Infrastructure */,
				40AA05DA278DEFE500AB2A46 /* LocalFeedLoader.swift */,
				40F144D928C3A28100244003 /* FeedImageDataStore.swift */,
				40AA05DC278DF03F00AB2A46 /* FeedStore.swift */,
				409B48AE278F53DD0050B8A3 /* LocalFeedImage.swift */,
				40EA928A28C3A45100F062D5 /* LocalFeedImageDataLoader.swift */,
				4036D2D52794801800DBEC73 /* FeedCachePolicy.swift */,
			);
			path = FeedCache;
			sourceTree = "<group>";
		};
		40BE676627726DAA0082F985 = {
			isa = PBXGroup;
			children = (
				40BE677227726DAA0082F985 /* EssentialFeed */,
				40BE677C27726DAA0082F985 /* EssentialFeedTests */,
				40C0BF922785DD0D00D0DA10 /* EssentialFeedAPIEndToEndTests */,
				4099A281279C228B001F444B /* EssentialFeedCacheIntegrationTests */,
				4081BDDC28C1170C00C8EB95 /* EssentialFeediOS */,
				4081BDDF28C1173300C8EB95 /* EssentialFeediOSTests */,
				40BE677127726DAA0082F985 /* Products */,
				4081BE0A28C11D4800C8EB95 /* Frameworks */,
			);
			sourceTree = "<group>";
		};
		40BE677127726DAA0082F985 /* Products */ = {
			isa = PBXGroup;
			children = (
				40BE677027726DAA0082F985 /* EssentialFeed.framework */,
				40BE677827726DAA0082F985 /* EssentialFeedTests.xctest */,
				40C0BF912785DD0D00D0DA10 /* EssentialFeedAPIEndToEndTests.xctest */,
				4099A280279C228B001F444B /* EssentialFeedCacheIntegrationTests.xctest */,
				40FB6B5E27A6A42E00805EE1 /* EssentialFeediOS.framework */,
				40FB6B6527A6A42E00805EE1 /* EssentialFeediOSTests.xctest */,
			);
			name = Products;
			sourceTree = "<group>";
		};
		40BE677227726DAA0082F985 /* EssentialFeed */ = {
			isa = PBXGroup;
			children = (
				40F144BC28C38DB800244003 /* Feed Presentation */,
				40AA05D9278DEFD200AB2A46 /* FeedCache */,
				40BE678C27726F440082F985 /* Feed Feature */,
				40F97DF2277A0709004D1085 /* Feed API */,
			);
			path = EssentialFeed;
			sourceTree = "<group>";
		};
		40BE677C27726DAA0082F985 /* EssentialFeedTests */ = {
			isa = PBXGroup;
			children = (
				40F144BF28C38EFB00244003 /* Feed Presentation */,
				4084C56D277C8EA10060B46D /* Helpers */,
				40F37154278CAD710055E379 /* Feed Cache */,
				40DCB742277B6FBC002ACCED /* Feed API */,
			);
			path = EssentialFeedTests;
			sourceTree = "<group>";
		};
		40BE678C27726F440082F985 /* Feed Feature */ = {
			isa = PBXGroup;
			children = (
				40BE678827726DE00082F985 /* FeedImage.swift */,
				4081BDE828C119DE00C8EB95 /* FeedImageDataLoader.swift */,
				40BE678A27726E7B0082F985 /* FeedLoader.swift */,
				40C9DE6E28C4CFAF00B6371F /* FeedCache.swift */,
				40C9DE7028C4CFBA00B6371F /* FeedImageDataCache.swift */,
			);
			path = "Feed Feature";
			sourceTree = "<group>";
		};
		40C0BF922785DD0D00D0DA10 /* EssentialFeedAPIEndToEndTests */ = {
			isa = PBXGroup;
			children = (
				40C0BF932785DD0D00D0DA10 /* EssentialFeedAPIEndToEndTests.swift */,
			);
			path = EssentialFeedAPIEndToEndTests;
			sourceTree = "<group>";
		};
		40DCB742277B6FBC002ACCED /* Feed API */ = {
			isa = PBXGroup;
			children = (
				40F144D228C39FFB00244003 /* Helpers */,
				40EE37D02776041D0014E425 /* LoadFeedFromRemoteUseCaseTests.swift */,
				40F144D728C3A04300244003 /* LoadFeedImageDataFromRemoteUseCaseTests.swift */,
				4084C56B277C7E9C0060B46D /* URLSessionHTTPClientTests.swift */,
			);
			path = "Feed API";
			sourceTree = "<group>";
		};
		40F144A528C37ACF00244003 /* Feed Presentation */ = {
			isa = PBXGroup;
			children = (
				40F144A628C37ADA00244003 /* FeedLocalizationTests.swift */,
			);
			path = "Feed Presentation";
			sourceTree = "<group>";
		};
		40F144A828C37B6800244003 /* Helpers */ = {
			isa = PBXGroup;
			children = (
				4081BE0628C11BD000C8EB95 /* UIImage+TestHelpers.swift */,
				4081BE0828C11BE200C8EB95 /* UIRefreshControl+TestHelpers.swift */,
				4081BE0128C11B9400C8EB95 /* UIButton+TestHelpers.swift */,
				4081BE0328C11BB000C8EB95 /* UIControl+TestHelpers.swift */,
				4081BDF928C11AE300C8EB95 /* FeedImageCell+TestHelpers.swift */,
			);
			path = Helpers;
			sourceTree = "<group>";
		};
		40F144B928C3811000244003 /* Helpers */ = {
			isa = PBXGroup;
			children = (
				40F1449A28C375A300244003 /* UIImageView+Animations.swift */,
				40F144BA28C3811600244003 /* UIRefreshControl+Helpers.swift */,
				40F1449C28C375B900244003 /* UITableView+Dewueueing.swift */,
				4081BDE528C1181F00C8EB95 /* UIView+Shimmering.swift */,
			);
			path = Helpers;
			sourceTree = "<group>";
		};
		40F144BC28C38DB800244003 /* Feed Presentation */ = {
			isa = PBXGroup;
			children = (
				40F144A228C37A4700244003 /* Feed.strings */,
				40F144B528C3801500244003 /* FeedErrorViewModel.swift */,
				4081BE1728C1247300C8EB95 /* FeedImagePresenter.swift */,
				40F144BD28C38E4F00244003 /* FeedImageViewModel.swift */,
				4081BE1B28C124A900C8EB95 /* FeedLoadingViewModel.swift */,
				4081BE1D28C124C500C8EB95 /* FeedPresenter.swift */,
				4081BE2128C1261100C8EB95 /* FeedViewModel.swift */,
			);
			path = "Feed Presentation";
			sourceTree = "<group>";
		};
		40F144BF28C38EFB00244003 /* Feed Presentation */ = {
			isa = PBXGroup;
			children = (
				40F144C028C38F0400244003 /* FeedImagePresenterTests.swift */,
				40F144C228C38F2000244003 /* FeedPresenterTests.swift */,
			);
			path = "Feed Presentation";
			sourceTree = "<group>";
		};
		40F144CB28C39EF400244003 /* Helpers */ = {
			isa = PBXGroup;
			children = (
				40F144CC28C39F0200244003 /* HTTPURLResponse+StatusCode.swift */,
			);
			path = Helpers;
			sourceTree = "<group>";
		};
		40F144D228C39FFB00244003 /* Helpers */ = {
			isa = PBXGroup;
			children = (
				40F144D328C3A00200244003 /* HTTPClientSpy.swift */,
				40F144D528C3A01700244003 /* URLProtocolStub.swift */,
			);
			path = Helpers;
			sourceTree = "<group>";
		};
		40F37154278CAD710055E379 /* Feed Cache */ = {
			isa = PBXGroup;
			children = (
				4074F1662790DEB2006C6E8F /* Helpers */,
				400F69B427977CD100A50E8D /* FeedStoreSpecs */,
				40F37155278CAD8E0055E379 /* CacheFeedUseCaseTests.swift */,
				4074F1642790DBFE006C6E8F /* LoadFeedFromCacheUseCaseTests.swift */,
				40EA928C28C3A55E00F062D5 /* CacheFeedImageDataUseCaseTests.swift */,
				40EA929228C3A5AF00F062D5 /* LoadFeedImageDataFromCacheUseCaseTests.swift */,
				40EA928E28C3A57500F062D5 /* CoreDataFeedImageDataStoreTests.swift */,
				408CC6E5279310A70067D265 /* ValidateFeedCacheUseCaseTests.swift */,
				40B76F302796037900A4F11A /* CodableFeedStoreTests.swift */,
				4099A26C279C1300001F444B /* CoreDataFeedStoreTests.swift */,
			);
			path = "Feed Cache";
			sourceTree = "<group>";
		};
		40F97DF2277A0709004D1085 /* Feed API */ = {
			isa = PBXGroup;
			children = (
				40F144CB28C39EF400244003 /* Helpers */,
				40DCB740277B69F8002ACCED /* FeedItemsMapper.swift */,
				40DCB73E277B69C4002ACCED /* HTTPClient.swift */,
				40F144CE28C39F2200244003 /* RemoteFeedImageDataLoader.swift */,
				409B48AC278F53B30050B8A3 /* RemoteFeedItem.swift */,
				40F97DF3277A0715004D1085 /* RemoteFeedLoader.swift */,
				4084C570277C99A20060B46D /* URLSessionHTTPClient.swift */,
			);
			path = "Feed API";
			sourceTree = "<group>";
		};
/* End PBXGroup section */

/* Begin PBXHeadersBuildPhase section */
		40BE676B27726DAA0082F985 /* Headers */ = {
			isa = PBXHeadersBuildPhase;
			buildActionMask = 2147483647;
			files = (
			);
			runOnlyForDeploymentPostprocessing = 0;
		};
		40FB6B5927A6A42E00805EE1 /* Headers */ = {
			isa = PBXHeadersBuildPhase;
			buildActionMask = 2147483647;
			files = (
			);
			runOnlyForDeploymentPostprocessing = 0;
		};
/* End PBXHeadersBuildPhase section */

/* Begin PBXNativeTarget section */
		4099A27F279C228B001F444B /* EssentialFeedCacheIntegrationTests */ = {
			isa = PBXNativeTarget;
			buildConfigurationList = 4099A287279C228B001F444B /* Build configuration list for PBXNativeTarget "EssentialFeedCacheIntegrationTests" */;
			buildPhases = (
				4099A27C279C228B001F444B /* Sources */,
				4099A27D279C228B001F444B /* Frameworks */,
				4099A27E279C228B001F444B /* Resources */,
			);
			buildRules = (
			);
			dependencies = (
				4099A286279C228B001F444B /* PBXTargetDependency */,
			);
			name = EssentialFeedCacheIntegrationTests;
			productName = EssentialFeedCacheIntegrationTests;
			productReference = 4099A280279C228B001F444B /* EssentialFeedCacheIntegrationTests.xctest */;
			productType = "com.apple.product-type.bundle.unit-test";
		};
		40BE676F27726DAA0082F985 /* EssentialFeed */ = {
			isa = PBXNativeTarget;
			buildConfigurationList = 40BE678227726DAA0082F985 /* Build configuration list for PBXNativeTarget "EssentialFeed" */;
			buildPhases = (
				40BE676B27726DAA0082F985 /* Headers */,
				40BE676C27726DAA0082F985 /* Sources */,
				40BE676D27726DAA0082F985 /* Frameworks */,
				40BE676E27726DAA0082F985 /* Resources */,
			);
			buildRules = (
			);
			dependencies = (
			);
			name = EssentialFeed;
			productName = EssentialFeed;
			productReference = 40BE677027726DAA0082F985 /* EssentialFeed.framework */;
			productType = "com.apple.product-type.framework";
		};
		40BE677727726DAA0082F985 /* EssentialFeedTests */ = {
			isa = PBXNativeTarget;
			buildConfigurationList = 40BE678527726DAA0082F985 /* Build configuration list for PBXNativeTarget "EssentialFeedTests" */;
			buildPhases = (
				40BE677427726DAA0082F985 /* Sources */,
				40BE677527726DAA0082F985 /* Frameworks */,
				40BE677627726DAA0082F985 /* Resources */,
			);
			buildRules = (
			);
			dependencies = (
				40BE677B27726DAA0082F985 /* PBXTargetDependency */,
			);
			name = EssentialFeedTests;
			productName = EssentialFeedTests;
			productReference = 40BE677827726DAA0082F985 /* EssentialFeedTests.xctest */;
			productType = "com.apple.product-type.bundle.unit-test";
		};
		40C0BF902785DD0D00D0DA10 /* EssentialFeedAPIEndToEndTests */ = {
			isa = PBXNativeTarget;
			buildConfigurationList = 40C0BF9A2785DD0D00D0DA10 /* Build configuration list for PBXNativeTarget "EssentialFeedAPIEndToEndTests" */;
			buildPhases = (
				40C0BF8D2785DD0D00D0DA10 /* Sources */,
				40C0BF8E2785DD0D00D0DA10 /* Frameworks */,
				40C0BF8F2785DD0D00D0DA10 /* Resources */,
			);
			buildRules = (
			);
			dependencies = (
				40C0BF972785DD0D00D0DA10 /* PBXTargetDependency */,
			);
			name = EssentialFeedAPIEndToEndTests;
			productName = EssentialFeedAPIEndToEndTests;
			productReference = 40C0BF912785DD0D00D0DA10 /* EssentialFeedAPIEndToEndTests.xctest */;
			productType = "com.apple.product-type.bundle.unit-test";
		};
		40FB6B5D27A6A42E00805EE1 /* EssentialFeediOS */ = {
			isa = PBXNativeTarget;
			buildConfigurationList = 40FB6B6D27A6A42E00805EE1 /* Build configuration list for PBXNativeTarget "EssentialFeediOS" */;
			buildPhases = (
				40FB6B5927A6A42E00805EE1 /* Headers */,
				40FB6B5A27A6A42E00805EE1 /* Sources */,
				40FB6B5B27A6A42E00805EE1 /* Frameworks */,
				40FB6B5C27A6A42E00805EE1 /* Resources */,
			);
			buildRules = (
			);
			dependencies = (
				4081BE0E28C11D4800C8EB95 /* PBXTargetDependency */,
			);
			name = EssentialFeediOS;
			productName = EssentialFeediOS;
			productReference = 40FB6B5E27A6A42E00805EE1 /* EssentialFeediOS.framework */;
			productType = "com.apple.product-type.framework";
		};
		40FB6B6427A6A42E00805EE1 /* EssentialFeediOSTests */ = {
			isa = PBXNativeTarget;
			buildConfigurationList = 40FB6B7027A6A42E00805EE1 /* Build configuration list for PBXNativeTarget "EssentialFeediOSTests" */;
			buildPhases = (
				40FB6B6127A6A42E00805EE1 /* Sources */,
				40FB6B6227A6A42E00805EE1 /* Frameworks */,
				40FB6B6327A6A42E00805EE1 /* Resources */,
			);
			buildRules = (
			);
			dependencies = (
				40FB6B6827A6A42E00805EE1 /* PBXTargetDependency */,
			);
			name = EssentialFeediOSTests;
			productName = EssentialFeediOSTests;
			productReference = 40FB6B6527A6A42E00805EE1 /* EssentialFeediOSTests.xctest */;
			productType = "com.apple.product-type.bundle.unit-test";
		};
/* End PBXNativeTarget section */

/* Begin PBXProject section */
		40BE676727726DAA0082F985 /* Project object */ = {
			isa = PBXProject;
			attributes = {
				BuildIndependentTargetsInParallel = 1;
				LastSwiftUpdateCheck = 1320;
				LastUpgradeCheck = 1320;
				TargetAttributes = {
					4099A27F279C228B001F444B = {
						CreatedOnToolsVersion = 13.2.1;
					};
					40BE676F27726DAA0082F985 = {
						CreatedOnToolsVersion = 13.2.1;
						LastSwiftMigration = 1320;
					};
					40BE677727726DAA0082F985 = {
						CreatedOnToolsVersion = 13.2.1;
						LastSwiftMigration = 1320;
					};
					40C0BF902785DD0D00D0DA10 = {
						CreatedOnToolsVersion = 13.2.1;
					};
					40FB6B5D27A6A42E00805EE1 = {
						CreatedOnToolsVersion = 13.2.1;
						LastSwiftMigration = 1340;
					};
					40FB6B6427A6A42E00805EE1 = {
						CreatedOnToolsVersion = 13.2.1;
						LastSwiftMigration = 1340;
					};
				};
			};
			buildConfigurationList = 40BE676A27726DAA0082F985 /* Build configuration list for PBXProject "EssentialFeed" */;
			compatibilityVersion = "Xcode 13.0";
			developmentRegion = en;
			hasScannedForEncodings = 0;
			knownRegions = (
				en,
				Base,
				"pt-BR",
				el,
			);
			mainGroup = 40BE676627726DAA0082F985;
			productRefGroup = 40BE677127726DAA0082F985 /* Products */;
			projectDirPath = "";
			projectRoot = "";
			targets = (
				40BE676F27726DAA0082F985 /* EssentialFeed */,
				40BE677727726DAA0082F985 /* EssentialFeedTests */,
				40C0BF902785DD0D00D0DA10 /* EssentialFeedAPIEndToEndTests */,
				4099A27F279C228B001F444B /* EssentialFeedCacheIntegrationTests */,
				40FB6B5D27A6A42E00805EE1 /* EssentialFeediOS */,
				40FB6B6427A6A42E00805EE1 /* EssentialFeediOSTests */,
			);
		};
/* End PBXProject section */

/* Begin PBXResourcesBuildPhase section */
		4099A27E279C228B001F444B /* Resources */ = {
			isa = PBXResourcesBuildPhase;
			buildActionMask = 2147483647;
			files = (
			);
			runOnlyForDeploymentPostprocessing = 0;
		};
		40BE676E27726DAA0082F985 /* Resources */ = {
			isa = PBXResourcesBuildPhase;
			buildActionMask = 2147483647;
			files = (
				40F144C828C38F9100244003 /* Feed.strings in Resources */,
			);
			runOnlyForDeploymentPostprocessing = 0;
		};
		40BE677627726DAA0082F985 /* Resources */ = {
			isa = PBXResourcesBuildPhase;
			buildActionMask = 2147483647;
			files = (
			);
			runOnlyForDeploymentPostprocessing = 0;
		};
		40C0BF8F2785DD0D00D0DA10 /* Resources */ = {
			isa = PBXResourcesBuildPhase;
			buildActionMask = 2147483647;
			files = (
			);
			runOnlyForDeploymentPostprocessing = 0;
		};
		40FB6B5C27A6A42E00805EE1 /* Resources */ = {
			isa = PBXResourcesBuildPhase;
			buildActionMask = 2147483647;
			files = (
				40F1449728C3753200244003 /* Feed.storyboard in Resources */,
				40F1449928C3755D00244003 /* Feed.xcassets in Resources */,
			);
			runOnlyForDeploymentPostprocessing = 0;
		};
		40FB6B6327A6A42E00805EE1 /* Resources */ = {
			isa = PBXResourcesBuildPhase;
			buildActionMask = 2147483647;
			files = (
			);
			runOnlyForDeploymentPostprocessing = 0;
		};
/* End PBXResourcesBuildPhase section */

/* Begin PBXSourcesBuildPhase section */
		4099A27C279C228B001F444B /* Sources */ = {
			isa = PBXSourcesBuildPhase;
			buildActionMask = 2147483647;
			files = (
				4099A283279C228B001F444B /* EssentialFeedCacheIntegrationTests.swift in Sources */,
				4099A28B279C2415001F444B /* FeedCacheTestHelpers.swift in Sources */,
				4099A28A279C22F2001F444B /* XCTestCase+MemoryLeakTracking.swift in Sources */,
				4099A28C279C2426001F444B /* SharedTestHelpers.swift in Sources */,
			);
			runOnlyForDeploymentPostprocessing = 0;
		};
		40BE676C27726DAA0082F985 /* Sources */ = {
			isa = PBXSourcesBuildPhase;
			buildActionMask = 2147483647;
			files = (
				4099A277279C2082001F444B /* CoreDataHelpers.swift in Sources */,
				40DCB741277B69F8002ACCED /* FeedItemsMapper.swift in Sources */,
				40BE678B27726E7B0082F985 /* FeedLoader.swift in Sources */,
				409B48AD278F53B30050B8A3 /* RemoteFeedItem.swift in Sources */,
				4036D2D62794801800DBEC73 /* FeedCachePolicy.swift in Sources */,
				40F97DF4277A0715004D1085 /* RemoteFeedLoader.swift in Sources */,
				4099A272279C1485001F444B /* FeedStore.xcdatamodeld in Sources */,
				409B48AF278F53DD0050B8A3 /* LocalFeedImage.swift in Sources */,
				40F144D128C39FAB00244003 /* FeedImageDataLoader.swift in Sources */,
				40AA05DD278DF03F00AB2A46 /* FeedStore.swift in Sources */,
				40F144DE28C3A2B700244003 /* CoreDataFeedStore+FeedStore.swift in Sources */,
				40AA05DB278DEFE500AB2A46 /* LocalFeedLoader.swift in Sources */,
				40B76F3327961DE900A4F11A /* CodableFeedStore.swift in Sources */,
				40DCB73F277B69C4002ACCED /* HTTPClient.swift in Sources */,
				40BE678927726DE00082F985 /* FeedImage.swift in Sources */,
				40F144CA28C3902100244003 /* FeedLoadingViewModel.swift in Sources */,
				4084C571277C99A20060B46D /* URLSessionHTTPClient.swift in Sources */,
				40F144DA28C3A28100244003 /* FeedImageDataStore.swift in Sources */,
				40F144C528C38F8A00244003 /* FeedPresenter.swift in Sources */,
				40C9DE6F28C4CFAF00B6371F /* FeedCache.swift in Sources */,
				40F144BE28C38E4F00244003 /* FeedImageViewModel.swift in Sources */,
				40F144C928C38FE000244003 /* FeedViewModel.swift in Sources */,
				4099A279279C20CE001F444B /* ManagedCache.swift in Sources */,
				40F144C628C38F8A00244003 /* FeedErrorViewModel.swift in Sources */,
				40C9DE7128C4CFBA00B6371F /* FeedImageDataCache.swift in Sources */,
				4099A26F279C135D001F444B /* CoreDataFeedStore.swift in Sources */,
				40EA928B28C3A45100F062D5 /* LocalFeedImageDataLoader.swift in Sources */,
				40F144CF28C39F2200244003 /* RemoteFeedImageDataLoader.swift in Sources */,
				40F144C728C38F8A00244003 /* FeedImagePresenter.swift in Sources */,
				40F144DC28C3A29E00244003 /* CoreDataFeedStore+FeedImageDataLoader.swift in Sources */,
				40F144CD28C39F0200244003 /* HTTPURLResponse+StatusCode.swift in Sources */,
				4099A27B279C20D6001F444B /* ManagedFeedImage.swift in Sources */,
			);
			runOnlyForDeploymentPostprocessing = 0;
		};
		40BE677427726DAA0082F985 /* Sources */ = {
			isa = PBXSourcesBuildPhase;
			buildActionMask = 2147483647;
			files = (
				40B76F312796037900A4F11A /* CodableFeedStoreTests.swift in Sources */,
				40F144D828C3A04300244003 /* LoadFeedImageDataFromRemoteUseCaseTests.swift in Sources */,
				400F69AF27977AFF00A50E8D /* XCTestCase+FailableDeleteFeedStoreSpecs.swift in Sources */,
				408CC6E8279314260067D265 /* FeedCacheTestHelpers.swift in Sources */,
				40F144C128C38F0400244003 /* FeedImagePresenterTests.swift in Sources */,
				408CC6E6279310A70067D265 /* ValidateFeedCacheUseCaseTests.swift in Sources */,
				40EA928D28C3A55E00F062D5 /* CacheFeedImageDataUseCaseTests.swift in Sources */,
				40F144D428C3A00200244003 /* HTTPClientSpy.swift in Sources */,
				400F69B127977B5200A50E8D /* XCTestCase+FailableInsertFeedStoreSpecs.swift in Sources */,
				40EE37D12776041D0014E425 /* LoadFeedFromRemoteUseCaseTests.swift in Sources */,
				4084C56C277C7E9C0060B46D /* URLSessionHTTPClientTests.swift in Sources */,
				400F69B327977B9F00A50E8D /* XCTestCase+FailableRetrieveFeedStoreSpecs.swift in Sources */,
				408CC6EA279314E20067D265 /* SharedTestHelpers.swift in Sources */,
				4074F1682790DEBE006C6E8F /* FeedStoreSpy.swift in Sources */,
				40F37156278CAD8E0055E379 /* CacheFeedUseCaseTests.swift in Sources */,
				4074F1652790DBFE006C6E8F /* LoadFeedFromCacheUseCaseTests.swift in Sources */,
				40EA929128C3A59F00F062D5 /* FeedImageDataStoreSpy.swift in Sources */,
				400F69AB2797791700A50E8D /* FeedStoreSpecs.swift in Sources */,
				4084C56F277C8EC70060B46D /* XCTestCase+MemoryLeakTracking.swift in Sources */,
				40EA929328C3A5AF00F062D5 /* LoadFeedImageDataFromCacheUseCaseTests.swift in Sources */,
				4099A26D279C1300001F444B /* CoreDataFeedStoreTests.swift in Sources */,
				40F144C328C38F2000244003 /* FeedPresenterTests.swift in Sources */,
				400F69AD2797797C00A50E8D /* XCTestCase+FeedStoreSpecs.swift in Sources */,
				40EA928F28C3A57500F062D5 /* CoreDataFeedImageDataStoreTests.swift in Sources */,
				40F144D628C3A01700244003 /* URLProtocolStub.swift in Sources */,
			);
			runOnlyForDeploymentPostprocessing = 0;
		};
		40C0BF8D2785DD0D00D0DA10 /* Sources */ = {
			isa = PBXSourcesBuildPhase;
			buildActionMask = 2147483647;
			files = (
				40C0BF942785DD0D00D0DA10 /* EssentialFeedAPIEndToEndTests.swift in Sources */,
				40C0BF9B2785E17F00D0DA10 /* XCTestCase+MemoryLeakTracking.swift in Sources */,
			);
			runOnlyForDeploymentPostprocessing = 0;
		};
		40FB6B5A27A6A42E00805EE1 /* Sources */ = {
			isa = PBXSourcesBuildPhase;
			buildActionMask = 2147483647;
			files = (
				40F144BB28C3811600244003 /* UIRefreshControl+Helpers.swift in Sources */,
				4081BDE628C1181F00C8EB95 /* UIView+Shimmering.swift in Sources */,
				4081BDE428C117C900C8EB95 /* FeedImageCell.swift in Sources */,
				40F1449D28C375B900244003 /* UITableView+Dewueueing.swift in Sources */,
				40F1449B28C375A300244003 /* UIImageView+Animations.swift in Sources */,
				40F144B828C380E200244003 /* ErrorView.swift in Sources */,
				4081BDF428C11A5200C8EB95 /* FeedViewController.swift in Sources */,
				4081BDF028C11A2200C8EB95 /* FeedImageCellController.swift in Sources */,
			);
			runOnlyForDeploymentPostprocessing = 0;
		};
		40FB6B6127A6A42E00805EE1 /* Sources */ = {
			isa = PBXSourcesBuildPhase;
			buildActionMask = 2147483647;
			files = (
				4081BE0428C11BB000C8EB95 /* UIControl+TestHelpers.swift in Sources */,
				40F144A728C37ADA00244003 /* FeedLocalizationTests.swift in Sources */,
				4081BE0728C11BD000C8EB95 /* UIImage+TestHelpers.swift in Sources */,
				4081BE0928C11BE200C8EB95 /* UIRefreshControl+TestHelpers.swift in Sources */,
				4081BDFA28C11AE300C8EB95 /* FeedImageCell+TestHelpers.swift in Sources */,
				4081BE0228C11B9400C8EB95 /* UIButton+TestHelpers.swift in Sources */,
				4081BE1028C11E9B00C8EB95 /* XCTestCase+MemoryLeakTracking.swift in Sources */,
			);
			runOnlyForDeploymentPostprocessing = 0;
		};
/* End PBXSourcesBuildPhase section */

/* Begin PBXTargetDependency section */
		4081BE0E28C11D4800C8EB95 /* PBXTargetDependency */ = {
			isa = PBXTargetDependency;
			target = 40BE676F27726DAA0082F985 /* EssentialFeed */;
			targetProxy = 4081BE0D28C11D4800C8EB95 /* PBXContainerItemProxy */;
		};
		4099A286279C228B001F444B /* PBXTargetDependency */ = {
			isa = PBXTargetDependency;
			target = 40BE676F27726DAA0082F985 /* EssentialFeed */;
			targetProxy = 4099A285279C228B001F444B /* PBXContainerItemProxy */;
		};
		40BE677B27726DAA0082F985 /* PBXTargetDependency */ = {
			isa = PBXTargetDependency;
			target = 40BE676F27726DAA0082F985 /* EssentialFeed */;
			targetProxy = 40BE677A27726DAA0082F985 /* PBXContainerItemProxy */;
		};
		40C0BF972785DD0D00D0DA10 /* PBXTargetDependency */ = {
			isa = PBXTargetDependency;
			target = 40BE676F27726DAA0082F985 /* EssentialFeed */;
			targetProxy = 40C0BF962785DD0D00D0DA10 /* PBXContainerItemProxy */;
		};
		40FB6B6827A6A42E00805EE1 /* PBXTargetDependency */ = {
			isa = PBXTargetDependency;
			target = 40FB6B5D27A6A42E00805EE1 /* EssentialFeediOS */;
			targetProxy = 40FB6B6727A6A42E00805EE1 /* PBXContainerItemProxy */;
		};
/* End PBXTargetDependency section */

/* Begin PBXVariantGroup section */
		40F144A228C37A4700244003 /* Feed.strings */ = {
			isa = PBXVariantGroup;
			children = (
				40F144A128C37A4700244003 /* en */,
				40F144A328C37A5900244003 /* pt-BR */,
				40F144A428C37A6600244003 /* el */,
			);
			name = Feed.strings;
			sourceTree = "<group>";
		};
/* End PBXVariantGroup section */

/* Begin XCBuildConfiguration section */
		4099A288279C228B001F444B /* Debug */ = {
			isa = XCBuildConfiguration;
			buildSettings = {
				CODE_SIGN_STYLE = Automatic;
				CURRENT_PROJECT_VERSION = 1;
				GENERATE_INFOPLIST_FILE = YES;
				MARKETING_VERSION = 1.0;
				PRODUCT_BUNDLE_IDENTIFIER = com.brenovaladao.essentialFeed.feedCacheIntegrationTests.EssentialFeedCacheIntegrationTests;
				PRODUCT_NAME = "$(TARGET_NAME)";
				SUPPORTED_PLATFORMS = "macosx iphoneos iphonesimulator";
				SWIFT_EMIT_LOC_STRINGS = NO;
				SWIFT_VERSION = 5.0;
				TVOS_DEPLOYMENT_TARGET = 13.0;
			};
			name = Debug;
		};
		4099A289279C228B001F444B /* Release */ = {
			isa = XCBuildConfiguration;
			buildSettings = {
				CODE_SIGN_STYLE = Automatic;
				CURRENT_PROJECT_VERSION = 1;
				GENERATE_INFOPLIST_FILE = YES;
				MARKETING_VERSION = 1.0;
				PRODUCT_BUNDLE_IDENTIFIER = com.brenovaladao.essentialFeed.feedCacheIntegrationTests.EssentialFeedCacheIntegrationTests;
				PRODUCT_NAME = "$(TARGET_NAME)";
				SUPPORTED_PLATFORMS = "macosx iphoneos iphonesimulator";
				SWIFT_EMIT_LOC_STRINGS = NO;
				SWIFT_VERSION = 5.0;
				TVOS_DEPLOYMENT_TARGET = 13.0;
			};
			name = Release;
		};
		40BE678027726DAA0082F985 /* Debug */ = {
			isa = XCBuildConfiguration;
			buildSettings = {
				ALWAYS_SEARCH_USER_PATHS = NO;
				CLANG_ANALYZER_LOCALIZABILITY_NONLOCALIZED = YES;
				CLANG_ANALYZER_NONNULL = YES;
				CLANG_ANALYZER_NUMBER_OBJECT_CONVERSION = YES_AGGRESSIVE;
				CLANG_CXX_LANGUAGE_STANDARD = "gnu++17";
				CLANG_CXX_LIBRARY = "libc++";
				CLANG_ENABLE_MODULES = YES;
				CLANG_ENABLE_OBJC_ARC = YES;
				CLANG_ENABLE_OBJC_WEAK = YES;
				CLANG_WARN_BLOCK_CAPTURE_AUTORELEASING = YES;
				CLANG_WARN_BOOL_CONVERSION = YES;
				CLANG_WARN_COMMA = YES;
				CLANG_WARN_CONSTANT_CONVERSION = YES;
				CLANG_WARN_DEPRECATED_OBJC_IMPLEMENTATIONS = YES;
				CLANG_WARN_DIRECT_OBJC_ISA_USAGE = YES_ERROR;
				CLANG_WARN_DOCUMENTATION_COMMENTS = YES;
				CLANG_WARN_EMPTY_BODY = YES;
				CLANG_WARN_ENUM_CONVERSION = YES;
				CLANG_WARN_INFINITE_RECURSION = YES;
				CLANG_WARN_INT_CONVERSION = YES;
				CLANG_WARN_NON_LITERAL_NULL_CONVERSION = YES;
				CLANG_WARN_OBJC_IMPLICIT_RETAIN_SELF = YES;
				CLANG_WARN_OBJC_LITERAL_CONVERSION = YES;
				CLANG_WARN_OBJC_ROOT_CLASS = YES_ERROR;
				CLANG_WARN_QUOTED_INCLUDE_IN_FRAMEWORK_HEADER = YES;
				CLANG_WARN_RANGE_LOOP_ANALYSIS = YES;
				CLANG_WARN_STRICT_PROTOTYPES = YES;
				CLANG_WARN_SUSPICIOUS_MOVE = YES;
				CLANG_WARN_UNGUARDED_AVAILABILITY = YES_AGGRESSIVE;
				CLANG_WARN_UNREACHABLE_CODE = YES;
				CLANG_WARN__DUPLICATE_METHOD_MATCH = YES;
				COPY_PHASE_STRIP = NO;
				CURRENT_PROJECT_VERSION = 1;
				DEBUG_INFORMATION_FORMAT = dwarf;
				ENABLE_STRICT_OBJC_MSGSEND = YES;
				ENABLE_TESTABILITY = YES;
				GCC_C_LANGUAGE_STANDARD = gnu11;
				GCC_DYNAMIC_NO_PIC = NO;
				GCC_NO_COMMON_BLOCKS = YES;
				GCC_OPTIMIZATION_LEVEL = 0;
				GCC_PREPROCESSOR_DEFINITIONS = (
					"DEBUG=1",
					"$(inherited)",
				);
				GCC_WARN_64_TO_32_BIT_CONVERSION = YES;
				GCC_WARN_ABOUT_RETURN_TYPE = YES_ERROR;
				GCC_WARN_UNDECLARED_SELECTOR = YES;
				GCC_WARN_UNINITIALIZED_AUTOS = YES_AGGRESSIVE;
				GCC_WARN_UNUSED_FUNCTION = YES;
				GCC_WARN_UNUSED_VARIABLE = YES;
				IPHONEOS_DEPLOYMENT_TARGET = 13.0;
				MTL_ENABLE_DEBUG_INFO = INCLUDE_SOURCE;
				MTL_FAST_MATH = YES;
				ONLY_ACTIVE_ARCH = YES;
				SDKROOT = macosx;
				SWIFT_ACTIVE_COMPILATION_CONDITIONS = DEBUG;
				SWIFT_OPTIMIZATION_LEVEL = "-Onone";
				VERSIONING_SYSTEM = "apple-generic";
				VERSION_INFO_PREFIX = "";
			};
			name = Debug;
		};
		40BE678127726DAA0082F985 /* Release */ = {
			isa = XCBuildConfiguration;
			buildSettings = {
				ALWAYS_SEARCH_USER_PATHS = NO;
				CLANG_ANALYZER_LOCALIZABILITY_NONLOCALIZED = YES;
				CLANG_ANALYZER_NONNULL = YES;
				CLANG_ANALYZER_NUMBER_OBJECT_CONVERSION = YES_AGGRESSIVE;
				CLANG_CXX_LANGUAGE_STANDARD = "gnu++17";
				CLANG_CXX_LIBRARY = "libc++";
				CLANG_ENABLE_MODULES = YES;
				CLANG_ENABLE_OBJC_ARC = YES;
				CLANG_ENABLE_OBJC_WEAK = YES;
				CLANG_WARN_BLOCK_CAPTURE_AUTORELEASING = YES;
				CLANG_WARN_BOOL_CONVERSION = YES;
				CLANG_WARN_COMMA = YES;
				CLANG_WARN_CONSTANT_CONVERSION = YES;
				CLANG_WARN_DEPRECATED_OBJC_IMPLEMENTATIONS = YES;
				CLANG_WARN_DIRECT_OBJC_ISA_USAGE = YES_ERROR;
				CLANG_WARN_DOCUMENTATION_COMMENTS = YES;
				CLANG_WARN_EMPTY_BODY = YES;
				CLANG_WARN_ENUM_CONVERSION = YES;
				CLANG_WARN_INFINITE_RECURSION = YES;
				CLANG_WARN_INT_CONVERSION = YES;
				CLANG_WARN_NON_LITERAL_NULL_CONVERSION = YES;
				CLANG_WARN_OBJC_IMPLICIT_RETAIN_SELF = YES;
				CLANG_WARN_OBJC_LITERAL_CONVERSION = YES;
				CLANG_WARN_OBJC_ROOT_CLASS = YES_ERROR;
				CLANG_WARN_QUOTED_INCLUDE_IN_FRAMEWORK_HEADER = YES;
				CLANG_WARN_RANGE_LOOP_ANALYSIS = YES;
				CLANG_WARN_STRICT_PROTOTYPES = YES;
				CLANG_WARN_SUSPICIOUS_MOVE = YES;
				CLANG_WARN_UNGUARDED_AVAILABILITY = YES_AGGRESSIVE;
				CLANG_WARN_UNREACHABLE_CODE = YES;
				CLANG_WARN__DUPLICATE_METHOD_MATCH = YES;
				COPY_PHASE_STRIP = NO;
				CURRENT_PROJECT_VERSION = 1;
				DEBUG_INFORMATION_FORMAT = "dwarf-with-dsym";
				ENABLE_NS_ASSERTIONS = NO;
				ENABLE_STRICT_OBJC_MSGSEND = YES;
				GCC_C_LANGUAGE_STANDARD = gnu11;
				GCC_NO_COMMON_BLOCKS = YES;
				GCC_WARN_64_TO_32_BIT_CONVERSION = YES;
				GCC_WARN_ABOUT_RETURN_TYPE = YES_ERROR;
				GCC_WARN_UNDECLARED_SELECTOR = YES;
				GCC_WARN_UNINITIALIZED_AUTOS = YES_AGGRESSIVE;
				GCC_WARN_UNUSED_FUNCTION = YES;
				GCC_WARN_UNUSED_VARIABLE = YES;
				IPHONEOS_DEPLOYMENT_TARGET = 13.0;
				MTL_ENABLE_DEBUG_INFO = NO;
				MTL_FAST_MATH = YES;
				SDKROOT = macosx;
				SWIFT_COMPILATION_MODE = wholemodule;
				SWIFT_OPTIMIZATION_LEVEL = "-O";
				VERSIONING_SYSTEM = "apple-generic";
				VERSION_INFO_PREFIX = "";
			};
			name = Release;
		};
		40BE678327726DAA0082F985 /* Debug */ = {
			isa = XCBuildConfiguration;
			buildSettings = {
				CLANG_ENABLE_MODULES = YES;
				CODE_SIGN_STYLE = Automatic;
				COMBINE_HIDPI_IMAGES = YES;
				CURRENT_PROJECT_VERSION = 1;
				DEFINES_MODULE = YES;
				DEVELOPMENT_TEAM = LS55K535D9;
				DYLIB_COMPATIBILITY_VERSION = 1;
				DYLIB_CURRENT_VERSION = 1;
				DYLIB_INSTALL_NAME_BASE = "@rpath";
				GENERATE_INFOPLIST_FILE = YES;
				INFOPLIST_KEY_NSHumanReadableCopyright = "";
				INSTALL_PATH = "$(LOCAL_LIBRARY_DIR)/Frameworks";
				LD_RUNPATH_SEARCH_PATHS = (
					"$(inherited)",
					"@executable_path/../Frameworks",
					"@loader_path/Frameworks",
				);
				MARKETING_VERSION = 1.0;
				PRODUCT_BUNDLE_IDENTIFIER = com.brenovaladao.EssentialFeed;
				PRODUCT_NAME = "$(TARGET_NAME:c99extidentifier)";
				SKIP_INSTALL = YES;
				SUPPORTED_PLATFORMS = "macosx iphonesimulator iphoneos";
				SWIFT_EMIT_LOC_STRINGS = YES;
				SWIFT_OPTIMIZATION_LEVEL = "-Onone";
				SWIFT_VERSION = 5.0;
				TVOS_DEPLOYMENT_TARGET = 13.3;
			};
			name = Debug;
		};
		40BE678427726DAA0082F985 /* Release */ = {
			isa = XCBuildConfiguration;
			buildSettings = {
				CLANG_ENABLE_MODULES = YES;
				CODE_SIGN_STYLE = Automatic;
				COMBINE_HIDPI_IMAGES = YES;
				CURRENT_PROJECT_VERSION = 1;
				DEFINES_MODULE = YES;
				DEVELOPMENT_TEAM = LS55K535D9;
				DYLIB_COMPATIBILITY_VERSION = 1;
				DYLIB_CURRENT_VERSION = 1;
				DYLIB_INSTALL_NAME_BASE = "@rpath";
				GENERATE_INFOPLIST_FILE = YES;
				INFOPLIST_KEY_NSHumanReadableCopyright = "";
				INSTALL_PATH = "$(LOCAL_LIBRARY_DIR)/Frameworks";
				LD_RUNPATH_SEARCH_PATHS = (
					"$(inherited)",
					"@executable_path/../Frameworks",
					"@loader_path/Frameworks",
				);
				MARKETING_VERSION = 1.0;
				PRODUCT_BUNDLE_IDENTIFIER = com.brenovaladao.EssentialFeed;
				PRODUCT_NAME = "$(TARGET_NAME:c99extidentifier)";
				SKIP_INSTALL = YES;
				SUPPORTED_PLATFORMS = "macosx iphonesimulator iphoneos";
				SWIFT_EMIT_LOC_STRINGS = YES;
				SWIFT_VERSION = 5.0;
				TVOS_DEPLOYMENT_TARGET = 13.3;
			};
			name = Release;
		};
		40BE678627726DAA0082F985 /* Debug */ = {
			isa = XCBuildConfiguration;
			buildSettings = {
				ALWAYS_EMBED_SWIFT_STANDARD_LIBRARIES = YES;
				CLANG_ENABLE_MODULES = YES;
				CODE_SIGN_STYLE = Automatic;
				CURRENT_PROJECT_VERSION = 1;
				DEVELOPMENT_TEAM = LS55K535D9;
				GENERATE_INFOPLIST_FILE = YES;
				LD_RUNPATH_SEARCH_PATHS = (
					"$(inherited)",
					"@executable_path/../Frameworks",
					"@loader_path/../Frameworks",
				);
				MARKETING_VERSION = 1.0;
				PRODUCT_BUNDLE_IDENTIFIER = com.brenovaladao.EssentialFeedTests;
				PRODUCT_NAME = "$(TARGET_NAME)";
				SUPPORTED_PLATFORMS = "macosx iphoneos iphonesimulator";
				SWIFT_EMIT_LOC_STRINGS = NO;
				SWIFT_OPTIMIZATION_LEVEL = "-Onone";
				SWIFT_VERSION = 5.0;
				TVOS_DEPLOYMENT_TARGET = 13.0;
			};
			name = Debug;
		};
		40BE678727726DAA0082F985 /* Release */ = {
			isa = XCBuildConfiguration;
			buildSettings = {
				ALWAYS_EMBED_SWIFT_STANDARD_LIBRARIES = YES;
				CLANG_ENABLE_MODULES = YES;
				CODE_SIGN_STYLE = Automatic;
				CURRENT_PROJECT_VERSION = 1;
				DEVELOPMENT_TEAM = LS55K535D9;
				GENERATE_INFOPLIST_FILE = YES;
				LD_RUNPATH_SEARCH_PATHS = (
					"$(inherited)",
					"@executable_path/../Frameworks",
					"@loader_path/../Frameworks",
				);
				MARKETING_VERSION = 1.0;
				PRODUCT_BUNDLE_IDENTIFIER = com.brenovaladao.EssentialFeedTests;
				PRODUCT_NAME = "$(TARGET_NAME)";
				SUPPORTED_PLATFORMS = "macosx iphoneos iphonesimulator";
				SWIFT_EMIT_LOC_STRINGS = NO;
				SWIFT_VERSION = 5.0;
				TVOS_DEPLOYMENT_TARGET = 13.0;
			};
			name = Release;
		};
		40C0BF982785DD0D00D0DA10 /* Debug */ = {
			isa = XCBuildConfiguration;
			buildSettings = {
				CODE_SIGN_STYLE = Automatic;
				CURRENT_PROJECT_VERSION = 1;
				DEVELOPMENT_TEAM = LS55K535D9;
				GENERATE_INFOPLIST_FILE = YES;
				MARKETING_VERSION = 1.0;
				PRODUCT_BUNDLE_IDENTIFIER = com.brenovaladao.EssentialFeedAPIEndToEndTests;
				PRODUCT_NAME = "$(TARGET_NAME)";
				SUPPORTED_PLATFORMS = "macosx iphoneos iphonesimulator";
				SWIFT_EMIT_LOC_STRINGS = NO;
				SWIFT_VERSION = 5.0;
				TVOS_DEPLOYMENT_TARGET = 13.0;
			};
			name = Debug;
		};
		40C0BF992785DD0D00D0DA10 /* Release */ = {
			isa = XCBuildConfiguration;
			buildSettings = {
				CODE_SIGN_STYLE = Automatic;
				CURRENT_PROJECT_VERSION = 1;
				DEVELOPMENT_TEAM = LS55K535D9;
				GENERATE_INFOPLIST_FILE = YES;
				MARKETING_VERSION = 1.0;
				PRODUCT_BUNDLE_IDENTIFIER = com.brenovaladao.EssentialFeedAPIEndToEndTests;
				PRODUCT_NAME = "$(TARGET_NAME)";
				SUPPORTED_PLATFORMS = "macosx iphoneos iphonesimulator";
				SWIFT_EMIT_LOC_STRINGS = NO;
				SWIFT_VERSION = 5.0;
				TVOS_DEPLOYMENT_TARGET = 13.0;
			};
			name = Release;
		};
		40FB6B6E27A6A42E00805EE1 /* Debug */ = {
			isa = XCBuildConfiguration;
			buildSettings = {
				CLANG_ENABLE_MODULES = YES;
				CODE_SIGN_STYLE = Automatic;
				CURRENT_PROJECT_VERSION = 1;
				DEFINES_MODULE = YES;
				DYLIB_COMPATIBILITY_VERSION = 1;
				DYLIB_CURRENT_VERSION = 1;
				DYLIB_INSTALL_NAME_BASE = "@rpath";
				GENERATE_INFOPLIST_FILE = YES;
				INFOPLIST_KEY_NSHumanReadableCopyright = "";
				INSTALL_PATH = "$(LOCAL_LIBRARY_DIR)/Frameworks";
				IPHONEOS_DEPLOYMENT_TARGET = 13.0;
				"IPHONEOS_DEPLOYMENT_TARGET[sdk=macosx*]" = 13.0;
				LD_RUNPATH_SEARCH_PATHS = (
					"$(inherited)",
					"@executable_path/Frameworks",
					"@loader_path/Frameworks",
				);
				MARKETING_VERSION = 1.0;
				PRODUCT_BUNDLE_IDENTIFIER = com.brenovaladao.EssentialFeed.EssentialFeediOS;
				PRODUCT_NAME = "$(TARGET_NAME:c99extidentifier)";
				SDKROOT = iphoneos;
				SKIP_INSTALL = YES;
				SWIFT_EMIT_LOC_STRINGS = YES;
				SWIFT_OPTIMIZATION_LEVEL = "-Onone";
				SWIFT_VERSION = 5.0;
				TARGETED_DEVICE_FAMILY = "1,2";
				TVOS_DEPLOYMENT_TARGET = 13.0;
			};
			name = Debug;
		};
		40FB6B6F27A6A42E00805EE1 /* Release */ = {
			isa = XCBuildConfiguration;
			buildSettings = {
				CLANG_ENABLE_MODULES = YES;
				CODE_SIGN_STYLE = Automatic;
				CURRENT_PROJECT_VERSION = 1;
				DEFINES_MODULE = YES;
				DYLIB_COMPATIBILITY_VERSION = 1;
				DYLIB_CURRENT_VERSION = 1;
				DYLIB_INSTALL_NAME_BASE = "@rpath";
				GENERATE_INFOPLIST_FILE = YES;
				INFOPLIST_KEY_NSHumanReadableCopyright = "";
				INSTALL_PATH = "$(LOCAL_LIBRARY_DIR)/Frameworks";
				IPHONEOS_DEPLOYMENT_TARGET = 13.0;
				"IPHONEOS_DEPLOYMENT_TARGET[sdk=macosx*]" = 13.0;
				LD_RUNPATH_SEARCH_PATHS = (
					"$(inherited)",
					"@executable_path/Frameworks",
					"@loader_path/Frameworks",
				);
				MARKETING_VERSION = 1.0;
				PRODUCT_BUNDLE_IDENTIFIER = com.brenovaladao.EssentialFeed.EssentialFeediOS;
				PRODUCT_NAME = "$(TARGET_NAME:c99extidentifier)";
				SDKROOT = iphoneos;
				SKIP_INSTALL = YES;
				SWIFT_EMIT_LOC_STRINGS = YES;
				SWIFT_VERSION = 5.0;
				TARGETED_DEVICE_FAMILY = "1,2";
				TVOS_DEPLOYMENT_TARGET = 13.0;
				VALIDATE_PRODUCT = YES;
			};
			name = Release;
		};
		40FB6B7127A6A42E00805EE1 /* Debug */ = {
			isa = XCBuildConfiguration;
			buildSettings = {
				ALWAYS_EMBED_SWIFT_STANDARD_LIBRARIES = YES;
				CLANG_ENABLE_MODULES = YES;
				"CODE_SIGN_IDENTITY[sdk=macosx*]" = "-";
				CODE_SIGN_STYLE = Automatic;
				CURRENT_PROJECT_VERSION = 1;
				DEVELOPMENT_TEAM = LS55K535D9;
				GENERATE_INFOPLIST_FILE = YES;
				IPHONEOS_DEPLOYMENT_TARGET = 13.0;
				LD_RUNPATH_SEARCH_PATHS = (
					"$(inherited)",
					"@executable_path/Frameworks",
					"@loader_path/Frameworks",
				);
				MARKETING_VERSION = 1.0;
				PRODUCT_BUNDLE_IDENTIFIER = com.brenovaladao.EssentialFeed.EssentialFeediOSTests;
				PRODUCT_NAME = "$(TARGET_NAME)";
				SDKROOT = iphoneos;
				SWIFT_EMIT_LOC_STRINGS = NO;
				SWIFT_OPTIMIZATION_LEVEL = "-Onone";
				SWIFT_VERSION = 5.0;
				TARGETED_DEVICE_FAMILY = "1,2";
				TVOS_DEPLOYMENT_TARGET = 13.0;
			};
			name = Debug;
		};
		40FB6B7227A6A42E00805EE1 /* Release */ = {
			isa = XCBuildConfiguration;
			buildSettings = {
				ALWAYS_EMBED_SWIFT_STANDARD_LIBRARIES = YES;
				CLANG_ENABLE_MODULES = YES;
				"CODE_SIGN_IDENTITY[sdk=macosx*]" = "-";
				CODE_SIGN_STYLE = Automatic;
				CURRENT_PROJECT_VERSION = 1;
				DEVELOPMENT_TEAM = LS55K535D9;
				GENERATE_INFOPLIST_FILE = YES;
				IPHONEOS_DEPLOYMENT_TARGET = 13.0;
				LD_RUNPATH_SEARCH_PATHS = (
					"$(inherited)",
					"@executable_path/Frameworks",
					"@loader_path/Frameworks",
				);
				MARKETING_VERSION = 1.0;
				PRODUCT_BUNDLE_IDENTIFIER = com.brenovaladao.EssentialFeed.EssentialFeediOSTests;
				PRODUCT_NAME = "$(TARGET_NAME)";
				SDKROOT = iphoneos;
				SWIFT_EMIT_LOC_STRINGS = NO;
				SWIFT_VERSION = 5.0;
				TARGETED_DEVICE_FAMILY = "1,2";
				TVOS_DEPLOYMENT_TARGET = 13.0;
				VALIDATE_PRODUCT = YES;
			};
			name = Release;
		};
/* End XCBuildConfiguration section */

/* Begin XCConfigurationList section */
		4099A287279C228B001F444B /* Build configuration list for PBXNativeTarget "EssentialFeedCacheIntegrationTests" */ = {
			isa = XCConfigurationList;
			buildConfigurations = (
				4099A288279C228B001F444B /* Debug */,
				4099A289279C228B001F444B /* Release */,
			);
			defaultConfigurationIsVisible = 0;
			defaultConfigurationName = Release;
		};
		40BE676A27726DAA0082F985 /* Build configuration list for PBXProject "EssentialFeed" */ = {
			isa = XCConfigurationList;
			buildConfigurations = (
				40BE678027726DAA0082F985 /* Debug */,
				40BE678127726DAA0082F985 /* Release */,
			);
			defaultConfigurationIsVisible = 0;
			defaultConfigurationName = Release;
		};
		40BE678227726DAA0082F985 /* Build configuration list for PBXNativeTarget "EssentialFeed" */ = {
			isa = XCConfigurationList;
			buildConfigurations = (
				40BE678327726DAA0082F985 /* Debug */,
				40BE678427726DAA0082F985 /* Release */,
			);
			defaultConfigurationIsVisible = 0;
			defaultConfigurationName = Release;
		};
		40BE678527726DAA0082F985 /* Build configuration list for PBXNativeTarget "EssentialFeedTests" */ = {
			isa = XCConfigurationList;
			buildConfigurations = (
				40BE678627726DAA0082F985 /* Debug */,
				40BE678727726DAA0082F985 /* Release */,
			);
			defaultConfigurationIsVisible = 0;
			defaultConfigurationName = Release;
		};
		40C0BF9A2785DD0D00D0DA10 /* Build configuration list for PBXNativeTarget "EssentialFeedAPIEndToEndTests" */ = {
			isa = XCConfigurationList;
			buildConfigurations = (
				40C0BF982785DD0D00D0DA10 /* Debug */,
				40C0BF992785DD0D00D0DA10 /* Release */,
			);
			defaultConfigurationIsVisible = 0;
			defaultConfigurationName = Release;
		};
		40FB6B6D27A6A42E00805EE1 /* Build configuration list for PBXNativeTarget "EssentialFeediOS" */ = {
			isa = XCConfigurationList;
			buildConfigurations = (
				40FB6B6E27A6A42E00805EE1 /* Debug */,
				40FB6B6F27A6A42E00805EE1 /* Release */,
			);
			defaultConfigurationIsVisible = 0;
			defaultConfigurationName = Release;
		};
		40FB6B7027A6A42E00805EE1 /* Build configuration list for PBXNativeTarget "EssentialFeediOSTests" */ = {
			isa = XCConfigurationList;
			buildConfigurations = (
				40FB6B7127A6A42E00805EE1 /* Debug */,
				40FB6B7227A6A42E00805EE1 /* Release */,
			);
			defaultConfigurationIsVisible = 0;
			defaultConfigurationName = Release;
		};
/* End XCConfigurationList section */

/* Begin XCVersionGroup section */
		4099A270279C1485001F444B /* FeedStore.xcdatamodeld */ = {
			isa = XCVersionGroup;
			children = (
				40F144DF28C3A37400244003 /* FeedStore2.xcdatamodel */,
				4099A271279C1485001F444B /* FeedStore.xcdatamodel */,
			);
			currentVersion = 40F144DF28C3A37400244003 /* FeedStore2.xcdatamodel */;
			path = FeedStore.xcdatamodeld;
			sourceTree = "<group>";
			versionGroupType = wrapper.xcdatamodel;
		};
/* End XCVersionGroup section */
	};
	rootObject = 40BE676727726DAA0082F985 /* Project object */;
}
